// !$*UTF8*$!
{
	archiveVersion = 1;
	classes = {
	};
	objectVersion = 50;
	objects = {

/* Begin PBXBuildFile section */
		4B28C47722FB2901002AE7FA /* TealiumAirship.h in Headers */ = {isa = PBXBuildFile; fileRef = 4B28C46922FB2901002AE7FA /* TealiumAirship.h */; settings = {ATTRIBUTES = (Public, ); }; };
		CF1401C32304C098002AC330 /* AirshipRemoteCommand.swift in Sources */ = {isa = PBXBuildFile; fileRef = CF1401C12304C098002AC330 /* AirshipRemoteCommand.swift */; };
		CF1401C42304C098002AC330 /* AirshipInstance.swift in Sources */ = {isa = PBXBuildFile; fileRef = CF1401C22304C098002AC330 /* AirshipInstance.swift */; };
		CF7AD50B258AE22D0098A0CA /* AirshipLocation.framework in Frameworks */ = {isa = PBXBuildFile; fileRef = D7EC004924377662009EED38 /* AirshipLocation.framework */; };
		CF7AD50C258AE22D0098A0CA /* AirshipLocation.framework in Embed Frameworks */ = {isa = PBXBuildFile; fileRef = D7EC004924377662009EED38 /* AirshipLocation.framework */; settings = {ATTRIBUTES = (CodeSignOnCopy, RemoveHeadersOnCopy, ); }; };
		CFBA50AD2304D4CA00EF52BC /* AirshipRemoteCommand.swift in Headers */ = {isa = PBXBuildFile; fileRef = CF1401C12304C098002AC330 /* AirshipRemoteCommand.swift */; settings = {ATTRIBUTES = (Public, ); }; };
		CFBA50AE2304D4CA00EF52BC /* AirshipInstance.swift in Headers */ = {isa = PBXBuildFile; fileRef = CF1401C22304C098002AC330 /* AirshipInstance.swift */; settings = {ATTRIBUTES = (Public, ); }; };
		CFEABFDE258A935F007D9011 /* TealiumTagManagement.framework in Frameworks */ = {isa = PBXBuildFile; fileRef = CFBA50B12304DC8600EF52BC /* TealiumTagManagement.framework */; };
		CFEABFDF258A935F007D9011 /* TealiumTagManagement.framework in Embed Frameworks */ = {isa = PBXBuildFile; fileRef = CFBA50B12304DC8600EF52BC /* TealiumTagManagement.framework */; settings = {ATTRIBUTES = (CodeSignOnCopy, RemoveHeadersOnCopy, ); }; };
		CFEABFE0258A935F007D9011 /* TealiumRemoteCommands.framework in Frameworks */ = {isa = PBXBuildFile; fileRef = CFBA50B52304DC8600EF52BC /* TealiumRemoteCommands.framework */; };
		CFEABFE1258A935F007D9011 /* TealiumRemoteCommands.framework in Embed Frameworks */ = {isa = PBXBuildFile; fileRef = CFBA50B52304DC8600EF52BC /* TealiumRemoteCommands.framework */; settings = {ATTRIBUTES = (CodeSignOnCopy, RemoveHeadersOnCopy, ); }; };
		CFEABFE2258A935F007D9011 /* TealiumCore.framework in Frameworks */ = {isa = PBXBuildFile; fileRef = CFBA50B32304DC8600EF52BC /* TealiumCore.framework */; };
		CFEABFE3258A935F007D9011 /* TealiumCore.framework in Embed Frameworks */ = {isa = PBXBuildFile; fileRef = CFBA50B32304DC8600EF52BC /* TealiumCore.framework */; settings = {ATTRIBUTES = (CodeSignOnCopy, RemoveHeadersOnCopy, ); }; };
		CFEABFE8258A9360007D9011 /* Airship.framework in Frameworks */ = {isa = PBXBuildFile; fileRef = CFEABFE7258A9360007D9011 /* Airship.framework */; };
		CFEABFE9258A9360007D9011 /* Airship.framework in Embed Frameworks */ = {isa = PBXBuildFile; fileRef = CFEABFE7258A9360007D9011 /* Airship.framework */; settings = {ATTRIBUTES = (CodeSignOnCopy, RemoveHeadersOnCopy, ); }; };
		CFEABFEA258A938F007D9011 /* TealiumCore.framework in Frameworks */ = {isa = PBXBuildFile; fileRef = CFBA50B32304DC8600EF52BC /* TealiumCore.framework */; };
		CFEABFEB258A938F007D9011 /* TealiumCore.framework in Embed Frameworks */ = {isa = PBXBuildFile; fileRef = CFBA50B32304DC8600EF52BC /* TealiumCore.framework */; settings = {ATTRIBUTES = (CodeSignOnCopy, RemoveHeadersOnCopy, ); }; };
		CFEABFEC258A938F007D9011 /* TealiumRemoteCommands.framework in Frameworks */ = {isa = PBXBuildFile; fileRef = CFBA50B52304DC8600EF52BC /* TealiumRemoteCommands.framework */; };
		CFEABFED258A938F007D9011 /* TealiumRemoteCommands.framework in Embed Frameworks */ = {isa = PBXBuildFile; fileRef = CFBA50B52304DC8600EF52BC /* TealiumRemoteCommands.framework */; settings = {ATTRIBUTES = (CodeSignOnCopy, RemoveHeadersOnCopy, ); }; };
		CFEABFEE258A938F007D9011 /* TealiumTagManagement.framework in Frameworks */ = {isa = PBXBuildFile; fileRef = CFBA50B12304DC8600EF52BC /* TealiumTagManagement.framework */; };
		CFEABFEF258A938F007D9011 /* TealiumTagManagement.framework in Embed Frameworks */ = {isa = PBXBuildFile; fileRef = CFBA50B12304DC8600EF52BC /* TealiumTagManagement.framework */; settings = {ATTRIBUTES = (CodeSignOnCopy, RemoveHeadersOnCopy, ); }; };
		CFEABFF0258A938F007D9011 /* Airship.framework in Frameworks */ = {isa = PBXBuildFile; fileRef = CFEABFE7258A9360007D9011 /* Airship.framework */; };
		CFEABFF1258A938F007D9011 /* Airship.framework in Embed Frameworks */ = {isa = PBXBuildFile; fileRef = CFEABFE7258A9360007D9011 /* Airship.framework */; settings = {ATTRIBUTES = (CodeSignOnCopy, RemoveHeadersOnCopy, ); }; };
		CFEABFFB258A9862007D9011 /* AirshipConfig.swift in Sources */ = {isa = PBXBuildFile; fileRef = CFEABFFA258A9862007D9011 /* AirshipConfig.swift */; };
		CFEABFFF258A9912007D9011 /* AirshipConfig.swift in Sources */ = {isa = PBXBuildFile; fileRef = CFEABFFA258A9862007D9011 /* AirshipConfig.swift */; };
		D709F4F7247FCE9100B00D41 /* AirshipLocationDefaultConformance.swift in Sources */ = {isa = PBXBuildFile; fileRef = D709F4F6247FCE9100B00D41 /* AirshipLocationDefaultConformance.swift */; };
		D709F4F8247FCE9100B00D41 /* AirshipLocationDefaultConformance.swift in Sources */ = {isa = PBXBuildFile; fileRef = D709F4F6247FCE9100B00D41 /* AirshipLocationDefaultConformance.swift */; };
		D709F4FB247FE91300B00D41 /* AirshipLocation.swift in Sources */ = {isa = PBXBuildFile; fileRef = D709F4FA247FE91300B00D41 /* AirshipLocation.swift */; };
		D709F503247FFC4100B00D41 /* MockAirshipInstance.swift in Sources */ = {isa = PBXBuildFile; fileRef = D7996F5C243221FA00E548BC /* MockAirshipInstance.swift */; };
		D709F504247FFC4100B00D41 /* HttpTestHelpers.swift in Sources */ = {isa = PBXBuildFile; fileRef = CFBA50BE2304DD6F00EF52BC /* HttpTestHelpers.swift */; };
		D709F505247FFC4100B00D41 /* AirshipTrackerTests.swift in Sources */ = {isa = PBXBuildFile; fileRef = D7996F5A243221BC00E548BC /* AirshipTrackerTests.swift */; };
		D709F508247FFC4100B00D41 /* TealiumCore.framework in Frameworks */ = {isa = PBXBuildFile; fileRef = CFBA50B32304DC8600EF52BC /* TealiumCore.framework */; };
		D709F509247FFC4100B00D41 /* TealiumRemoteCommands.framework in Frameworks */ = {isa = PBXBuildFile; fileRef = CFBA50B52304DC8600EF52BC /* TealiumRemoteCommands.framework */; };
		D75D99B424810A6100160978 /* AirshipConstants.swift in Sources */ = {isa = PBXBuildFile; fileRef = D75D99B324810A6100160978 /* AirshipConstants.swift */; };
		D75D99B524810A6100160978 /* AirshipConstants.swift in Sources */ = {isa = PBXBuildFile; fileRef = D75D99B324810A6100160978 /* AirshipConstants.swift */; };
		D7A12E682429290300C09484 /* AirshipPushMessaging.swift in Sources */ = {isa = PBXBuildFile; fileRef = D7A12E672429290300C09484 /* AirshipPushMessaging.swift */; };
		D7A12E6C242A2BB100C09484 /* AirshipAnalytics.swift in Sources */ = {isa = PBXBuildFile; fileRef = D7A12E6B242A2BB100C09484 /* AirshipAnalytics.swift */; };
		D7B3AC06247E97390040A0DE /* TealiumAirship.h in Headers */ = {isa = PBXBuildFile; fileRef = 4B28C46922FB2901002AE7FA /* TealiumAirship.h */; settings = {ATTRIBUTES = (Public, ); }; };
		D7B3AC07247E97390040A0DE /* AirshipRemoteCommand.swift in Headers */ = {isa = PBXBuildFile; fileRef = CF1401C12304C098002AC330 /* AirshipRemoteCommand.swift */; settings = {ATTRIBUTES = (Public, ); }; };
		D7B3AC08247E97390040A0DE /* AirshipInstance.swift in Headers */ = {isa = PBXBuildFile; fileRef = CF1401C22304C098002AC330 /* AirshipInstance.swift */; settings = {ATTRIBUTES = (Public, ); }; };
		D7B3AC0B247E97390040A0DE /* AirshipAnalytics.swift in Sources */ = {isa = PBXBuildFile; fileRef = D7A12E6B242A2BB100C09484 /* AirshipAnalytics.swift */; };
		D7B3AC0E247E97390040A0DE /* AirshipMessageCenter.swift in Sources */ = {isa = PBXBuildFile; fileRef = D77DDC7B242E6652005D4596 /* AirshipMessageCenter.swift */; };
		D7B3AC0F247E97390040A0DE /* AirshipInAppMessaging.swift in Sources */ = {isa = PBXBuildFile; fileRef = D7A12E6F242A45C700C09484 /* AirshipInAppMessaging.swift */; };
		D7B3AC10247E97390040A0DE /* AirshipSegmentation.swift in Sources */ = {isa = PBXBuildFile; fileRef = D7A12E6D242A43C800C09484 /* AirshipSegmentation.swift */; };
		D7B3AC11247E97390040A0DE /* AirshipInstance.swift in Sources */ = {isa = PBXBuildFile; fileRef = CF1401C22304C098002AC330 /* AirshipInstance.swift */; };
		D7B3AC12247E97390040A0DE /* AirshipPushMessaging.swift in Sources */ = {isa = PBXBuildFile; fileRef = D7A12E672429290300C09484 /* AirshipPushMessaging.swift */; };
		D7B3AC13247E97390040A0DE /* AirshipRemoteCommand.swift in Sources */ = {isa = PBXBuildFile; fileRef = CF1401C12304C098002AC330 /* AirshipRemoteCommand.swift */; };
		D7B7638F243B74A000CD6001 /* AirshipSegmentation.swift in Sources */ = {isa = PBXBuildFile; fileRef = D7A12E6D242A43C800C09484 /* AirshipSegmentation.swift */; };
		D7B76391243B74C500CD6001 /* AirshipMessageCenter.swift in Sources */ = {isa = PBXBuildFile; fileRef = D77DDC7B242E6652005D4596 /* AirshipMessageCenter.swift */; };
		D7B76392243B74D600CD6001 /* AirshipInAppMessaging.swift in Sources */ = {isa = PBXBuildFile; fileRef = D7A12E6F242A45C700C09484 /* AirshipInAppMessaging.swift */; };
		D7C138E12480012D005E91C9 /* TealiumAirship.framework in Frameworks */ = {isa = PBXBuildFile; fileRef = D7B3AC30247E97390040A0DE /* TealiumAirship.framework */; };
/* End PBXBuildFile section */

/* Begin PBXContainerItemProxy section */
		D7C138DF24800112005E91C9 /* PBXContainerItemProxy */ = {
			isa = PBXContainerItemProxy;
			containerPortal = 4B28C45D22FB2901002AE7FA /* Project object */;
			proxyType = 1;
			remoteGlobalIDString = D7B3AC04247E97390040A0DE;
			remoteInfo = TealiumAirship;
		};
/* End PBXContainerItemProxy section */

/* Begin PBXCopyFilesBuildPhase section */
		CFEABFE6258A935F007D9011 /* Embed Frameworks */ = {
			isa = PBXCopyFilesBuildPhase;
			buildActionMask = 2147483647;
			dstPath = "";
			dstSubfolderSpec = 10;
			files = (
				CFEABFE9258A9360007D9011 /* Airship.framework in Embed Frameworks */,
				CFEABFE3258A935F007D9011 /* TealiumCore.framework in Embed Frameworks */,
				CF7AD50C258AE22D0098A0CA /* AirshipLocation.framework in Embed Frameworks */,
				CFEABFE1258A935F007D9011 /* TealiumRemoteCommands.framework in Embed Frameworks */,
				CFEABFDF258A935F007D9011 /* TealiumTagManagement.framework in Embed Frameworks */,
			);
			name = "Embed Frameworks";
			runOnlyForDeploymentPostprocessing = 0;
		};
		CFEABFF4258A938F007D9011 /* Embed Frameworks */ = {
			isa = PBXCopyFilesBuildPhase;
			buildActionMask = 2147483647;
			dstPath = "";
			dstSubfolderSpec = 10;
			files = (
				CFEABFEF258A938F007D9011 /* TealiumTagManagement.framework in Embed Frameworks */,
				CFEABFF1258A938F007D9011 /* Airship.framework in Embed Frameworks */,
				CFEABFED258A938F007D9011 /* TealiumRemoteCommands.framework in Embed Frameworks */,
				CFEABFEB258A938F007D9011 /* TealiumCore.framework in Embed Frameworks */,
			);
			name = "Embed Frameworks";
			runOnlyForDeploymentPostprocessing = 0;
		};
/* End PBXCopyFilesBuildPhase section */

/* Begin PBXFileReference section */
		4B28C46622FB2901002AE7FA /* TealiumAirship_Location.framework */ = {isa = PBXFileReference; explicitFileType = wrapper.framework; includeInIndex = 0; path = TealiumAirship_Location.framework; sourceTree = BUILT_PRODUCTS_DIR; };
		4B28C46922FB2901002AE7FA /* TealiumAirship.h */ = {isa = PBXFileReference; lastKnownFileType = sourcecode.c.h; path = TealiumAirship.h; sourceTree = "<group>"; };
		4B28C46A22FB2901002AE7FA /* Info.plist */ = {isa = PBXFileReference; lastKnownFileType = text.plist.xml; path = Info.plist; sourceTree = "<group>"; };
		4B28C47622FB2901002AE7FA /* Info.plist */ = {isa = PBXFileReference; lastKnownFileType = text.plist.xml; path = Info.plist; sourceTree = "<group>"; };
		CF1401C12304C098002AC330 /* AirshipRemoteCommand.swift */ = {isa = PBXFileReference; fileEncoding = 4; lastKnownFileType = sourcecode.swift; path = AirshipRemoteCommand.swift; sourceTree = "<group>"; };
		CF1401C22304C098002AC330 /* AirshipInstance.swift */ = {isa = PBXFileReference; fileEncoding = 4; lastKnownFileType = sourcecode.swift; path = AirshipInstance.swift; sourceTree = "<group>"; };
		CFBA50B12304DC8600EF52BC /* TealiumTagManagement.framework */ = {isa = PBXFileReference; lastKnownFileType = wrapper.framework; name = TealiumTagManagement.framework; path = Carthage/Build/iOS/TealiumTagManagement.framework; sourceTree = "<group>"; };
		CFBA50B32304DC8600EF52BC /* TealiumCore.framework */ = {isa = PBXFileReference; lastKnownFileType = wrapper.framework; name = TealiumCore.framework; path = Carthage/Build/iOS/TealiumCore.framework; sourceTree = "<group>"; };
		CFBA50B42304DC8600EF52BC /* TealiumDelegate.framework */ = {isa = PBXFileReference; lastKnownFileType = wrapper.framework; name = TealiumDelegate.framework; path = Carthage/Build/iOS/TealiumDelegate.framework; sourceTree = "<group>"; };
		CFBA50B52304DC8600EF52BC /* TealiumRemoteCommands.framework */ = {isa = PBXFileReference; lastKnownFileType = wrapper.framework; name = TealiumRemoteCommands.framework; path = Carthage/Build/iOS/TealiumRemoteCommands.framework; sourceTree = "<group>"; };
		CFBA50BE2304DD6F00EF52BC /* HttpTestHelpers.swift */ = {isa = PBXFileReference; fileEncoding = 4; lastKnownFileType = sourcecode.swift; path = HttpTestHelpers.swift; sourceTree = "<group>"; };
		CFEABFE7258A9360007D9011 /* Airship.framework */ = {isa = PBXFileReference; lastKnownFileType = wrapper.framework; name = Airship.framework; path = Carthage/Build/iOS/Airship.framework; sourceTree = "<group>"; };
		CFEABFFA258A9862007D9011 /* AirshipConfig.swift */ = {isa = PBXFileReference; lastKnownFileType = sourcecode.swift; path = AirshipConfig.swift; sourceTree = "<group>"; };
		D709F4F6247FCE9100B00D41 /* AirshipLocationDefaultConformance.swift */ = {isa = PBXFileReference; fileEncoding = 4; lastKnownFileType = sourcecode.swift; path = AirshipLocationDefaultConformance.swift; sourceTree = "<group>"; };
		D709F4FA247FE91300B00D41 /* AirshipLocation.swift */ = {isa = PBXFileReference; fileEncoding = 4; lastKnownFileType = sourcecode.swift; path = AirshipLocation.swift; sourceTree = "<group>"; };
		D709F50F247FFC4100B00D41 /* TealiumAirshipTests.xctest */ = {isa = PBXFileReference; explicitFileType = wrapper.cfbundle; includeInIndex = 0; path = TealiumAirshipTests.xctest; sourceTree = BUILT_PRODUCTS_DIR; };
		D709F510247FFC4100B00D41 /* TealiumAirshipTests-Info.plist */ = {isa = PBXFileReference; lastKnownFileType = text.plist.xml; name = "TealiumAirshipTests-Info.plist"; path = "/Users/craigrouse/mobiledev/remotecommands/tealium-ios-airship-remote-command/TealiumAirshipTests-Info.plist"; sourceTree = "<absolute>"; };
		D75D99B324810A6100160978 /* AirshipConstants.swift */ = {isa = PBXFileReference; lastKnownFileType = sourcecode.swift; path = AirshipConstants.swift; sourceTree = "<group>"; };
		D761A2DB243F6F9700D95453 /* TealiumIOS.framework */ = {isa = PBXFileReference; lastKnownFileType = wrapper.framework; name = TealiumIOS.framework; path = Carthage/Build/iOS/TealiumIOS.framework; sourceTree = "<group>"; };
		D77DDC4B242CB10A005D4596 /* TealiumDeviceData.framework */ = {isa = PBXFileReference; lastKnownFileType = wrapper.framework; name = TealiumDeviceData.framework; path = Carthage/Build/iOS/TealiumDeviceData.framework; sourceTree = "<group>"; };
		D77DDC4C242CB10A005D4596 /* TealiumAutotracking.framework */ = {isa = PBXFileReference; lastKnownFileType = wrapper.framework; name = TealiumAutotracking.framework; path = Carthage/Build/iOS/TealiumAutotracking.framework; sourceTree = "<group>"; };
		D77DDC4D242CB10A005D4596 /* TealiumAppData.framework */ = {isa = PBXFileReference; lastKnownFileType = wrapper.framework; name = TealiumAppData.framework; path = Carthage/Build/iOS/TealiumAppData.framework; sourceTree = "<group>"; };
		D77DDC4E242CB10A005D4596 /* TealiumCrash.framework */ = {isa = PBXFileReference; lastKnownFileType = wrapper.framework; name = TealiumCrash.framework; path = Carthage/Build/iOS/TealiumCrash.framework; sourceTree = "<group>"; };
		D77DDC4F242CB10A005D4596 /* TealiumDispatchQueue.framework */ = {isa = PBXFileReference; lastKnownFileType = wrapper.framework; name = TealiumDispatchQueue.framework; path = Carthage/Build/iOS/TealiumDispatchQueue.framework; sourceTree = "<group>"; };
		D77DDC50242CB10A005D4596 /* TealiumPersistentData.framework */ = {isa = PBXFileReference; lastKnownFileType = wrapper.framework; name = TealiumPersistentData.framework; path = Carthage/Build/iOS/TealiumPersistentData.framework; sourceTree = "<group>"; };
		D77DDC51242CB10A005D4596 /* TealiumLifecycle.framework */ = {isa = PBXFileReference; lastKnownFileType = wrapper.framework; name = TealiumLifecycle.framework; path = Carthage/Build/iOS/TealiumLifecycle.framework; sourceTree = "<group>"; };
		D77DDC52242CB10A005D4596 /* TealiumLocation.framework */ = {isa = PBXFileReference; lastKnownFileType = wrapper.framework; name = TealiumLocation.framework; path = Carthage/Build/iOS/TealiumLocation.framework; sourceTree = "<group>"; };
		D77DDC53242CB10A005D4596 /* TealiumAttribution.framework */ = {isa = PBXFileReference; lastKnownFileType = wrapper.framework; name = TealiumAttribution.framework; path = Carthage/Build/iOS/TealiumAttribution.framework; sourceTree = "<group>"; };
		D77DDC54242CB10A005D4596 /* TealiumCrashReporteriOS.framework */ = {isa = PBXFileReference; lastKnownFileType = wrapper.framework; name = TealiumCrashReporteriOS.framework; path = Carthage/Build/iOS/TealiumCrashReporteriOS.framework; sourceTree = "<group>"; };
		D77DDC55242CB10B005D4596 /* TealiumLogger.framework */ = {isa = PBXFileReference; lastKnownFileType = wrapper.framework; name = TealiumLogger.framework; path = Carthage/Build/iOS/TealiumLogger.framework; sourceTree = "<group>"; };
		D77DDC56242CB10B005D4596 /* TealiumVolatileData.framework */ = {isa = PBXFileReference; lastKnownFileType = wrapper.framework; name = TealiumVolatileData.framework; path = Carthage/Build/iOS/TealiumVolatileData.framework; sourceTree = "<group>"; };
		D77DDC57242CB10B005D4596 /* TealiumCollect.framework */ = {isa = PBXFileReference; lastKnownFileType = wrapper.framework; name = TealiumCollect.framework; path = Carthage/Build/iOS/TealiumCollect.framework; sourceTree = "<group>"; };
		D77DDC58242CB10B005D4596 /* TealiumConsentManager.framework */ = {isa = PBXFileReference; lastKnownFileType = wrapper.framework; name = TealiumConsentManager.framework; path = Carthage/Build/iOS/TealiumConsentManager.framework; sourceTree = "<group>"; };
		D77DDC59242CB10B005D4596 /* TealiumVisitorService.framework */ = {isa = PBXFileReference; lastKnownFileType = wrapper.framework; name = TealiumVisitorService.framework; path = Carthage/Build/iOS/TealiumVisitorService.framework; sourceTree = "<group>"; };
		D77DDC5A242CB10B005D4596 /* TealiumConnectivity.framework */ = {isa = PBXFileReference; lastKnownFileType = wrapper.framework; name = TealiumConnectivity.framework; path = Carthage/Build/iOS/TealiumConnectivity.framework; sourceTree = "<group>"; };
		D77DDC7B242E6652005D4596 /* AirshipMessageCenter.swift */ = {isa = PBXFileReference; lastKnownFileType = sourcecode.swift; path = AirshipMessageCenter.swift; sourceTree = "<group>"; };
		D7996F5A243221BC00E548BC /* AirshipTrackerTests.swift */ = {isa = PBXFileReference; lastKnownFileType = sourcecode.swift; path = AirshipTrackerTests.swift; sourceTree = "<group>"; };
		D7996F5C243221FA00E548BC /* MockAirshipInstance.swift */ = {isa = PBXFileReference; lastKnownFileType = sourcecode.swift; path = MockAirshipInstance.swift; sourceTree = "<group>"; };
		D7A12E5224238FA500C09484 /* AirshipExtendedActions.framework */ = {isa = PBXFileReference; lastKnownFileType = wrapper.framework; name = AirshipExtendedActions.framework; path = Carthage/Build/iOS/AirshipExtendedActions.framework; sourceTree = "<group>"; };
		D7A12E5424238FA500C09484 /* AirshipNotificationServiceExtension.framework */ = {isa = PBXFileReference; lastKnownFileType = wrapper.framework; name = AirshipNotificationServiceExtension.framework; path = Carthage/Build/iOS/AirshipNotificationServiceExtension.framework; sourceTree = "<group>"; };
		D7A12E5524238FA500C09484 /* AirshipMessageCenter.framework */ = {isa = PBXFileReference; lastKnownFileType = wrapper.framework; name = AirshipMessageCenter.framework; path = Carthage/Build/iOS/AirshipMessageCenter.framework; sourceTree = "<group>"; };
		D7A12E5724238FA500C09484 /* AirshipAutomation.framework */ = {isa = PBXFileReference; lastKnownFileType = wrapper.framework; name = AirshipAutomation.framework; path = Carthage/Build/iOS/AirshipAutomation.framework; sourceTree = "<group>"; };
		D7A12E5824238FA500C09484 /* AirshipNotificationContentExtension.framework */ = {isa = PBXFileReference; lastKnownFileType = wrapper.framework; name = AirshipNotificationContentExtension.framework; path = Carthage/Build/iOS/AirshipNotificationContentExtension.framework; sourceTree = "<group>"; };
		D7A12E672429290300C09484 /* AirshipPushMessaging.swift */ = {isa = PBXFileReference; lastKnownFileType = sourcecode.swift; path = AirshipPushMessaging.swift; sourceTree = "<group>"; };
		D7A12E6B242A2BB100C09484 /* AirshipAnalytics.swift */ = {isa = PBXFileReference; lastKnownFileType = sourcecode.swift; path = AirshipAnalytics.swift; sourceTree = "<group>"; };
		D7A12E6D242A43C800C09484 /* AirshipSegmentation.swift */ = {isa = PBXFileReference; lastKnownFileType = sourcecode.swift; path = AirshipSegmentation.swift; sourceTree = "<group>"; };
		D7A12E6F242A45C700C09484 /* AirshipInAppMessaging.swift */ = {isa = PBXFileReference; lastKnownFileType = sourcecode.swift; path = AirshipInAppMessaging.swift; sourceTree = "<group>"; };
		D7B3AC30247E97390040A0DE /* TealiumAirship.framework */ = {isa = PBXFileReference; explicitFileType = wrapper.framework; includeInIndex = 0; path = TealiumAirship.framework; sourceTree = BUILT_PRODUCTS_DIR; };
		D7B3AC31247E97390040A0DE /* TealiumAirship-Info.plist */ = {isa = PBXFileReference; lastKnownFileType = text.plist.xml; name = "TealiumAirship-Info.plist"; path = "/Users/craigrouse/mobiledev/remotecommands/tealium-ios-airship-remote-command/TealiumAirship-Info.plist"; sourceTree = "<absolute>"; };
		D7B3AC32247EAEF70040A0DE /* AirshipCore.framework */ = {isa = PBXFileReference; lastKnownFileType = wrapper.framework; name = AirshipCore.framework; path = Carthage/Build/iOS/AirshipCore.framework; sourceTree = "<group>"; };
		D7C138DD247FFFEA005E91C9 /* TealiumAirship+Location-Info.plist */ = {isa = PBXFileReference; fileEncoding = 4; lastKnownFileType = text.plist.xml; path = "TealiumAirship+Location-Info.plist"; sourceTree = "<group>"; };
		D7EC004824377662009EED38 /* AirshipAccengage.framework */ = {isa = PBXFileReference; lastKnownFileType = wrapper.framework; name = AirshipAccengage.framework; path = Carthage/Build/iOS/AirshipAccengage.framework; sourceTree = "<group>"; };
		D7EC004924377662009EED38 /* AirshipLocation.framework */ = {isa = PBXFileReference; lastKnownFileType = wrapper.framework; name = AirshipLocation.framework; path = Carthage/Build/iOS/AirshipLocation.framework; sourceTree = "<group>"; };
/* End PBXFileReference section */

/* Begin PBXFrameworksBuildPhase section */
		4B28C46322FB2901002AE7FA /* Frameworks */ = {
			isa = PBXFrameworksBuildPhase;
			buildActionMask = 2147483647;
			files = (
				CFEABFE8258A9360007D9011 /* Airship.framework in Frameworks */,
				CFEABFE2258A935F007D9011 /* TealiumCore.framework in Frameworks */,
				CF7AD50B258AE22D0098A0CA /* AirshipLocation.framework in Frameworks */,
				CFEABFE0258A935F007D9011 /* TealiumRemoteCommands.framework in Frameworks */,
				CFEABFDE258A935F007D9011 /* TealiumTagManagement.framework in Frameworks */,
			);
			runOnlyForDeploymentPostprocessing = 0;
		};
		D709F506247FFC4100B00D41 /* Frameworks */ = {
			isa = PBXFrameworksBuildPhase;
			buildActionMask = 2147483647;
			files = (
				D7C138E12480012D005E91C9 /* TealiumAirship.framework in Frameworks */,
				D709F508247FFC4100B00D41 /* TealiumCore.framework in Frameworks */,
				D709F509247FFC4100B00D41 /* TealiumRemoteCommands.framework in Frameworks */,
			);
			runOnlyForDeploymentPostprocessing = 0;
		};
		D7B3AC14247E97390040A0DE /* Frameworks */ = {
			isa = PBXFrameworksBuildPhase;
			buildActionMask = 2147483647;
			files = (
				CFEABFEE258A938F007D9011 /* TealiumTagManagement.framework in Frameworks */,
				CFEABFF0258A938F007D9011 /* Airship.framework in Frameworks */,
				CFEABFEC258A938F007D9011 /* TealiumRemoteCommands.framework in Frameworks */,
				CFEABFEA258A938F007D9011 /* TealiumCore.framework in Frameworks */,
			);
			runOnlyForDeploymentPostprocessing = 0;
		};
/* End PBXFrameworksBuildPhase section */

/* Begin PBXGroup section */
		4B28C45C22FB2901002AE7FA = {
			isa = PBXGroup;
			children = (
				4B28C46822FB2901002AE7FA /* Sources */,
				4B28C47322FB2901002AE7FA /* Tests */,
				4B28C46722FB2901002AE7FA /* Products */,
				CFBA50B02304DC8500EF52BC /* Frameworks */,
				D7B3AC31247E97390040A0DE /* TealiumAirship-Info.plist */,
				D709F510247FFC4100B00D41 /* TealiumAirshipTests-Info.plist */,
				D7C138DD247FFFEA005E91C9 /* TealiumAirship+Location-Info.plist */,
			);
			sourceTree = "<group>";
		};
		4B28C46722FB2901002AE7FA /* Products */ = {
			isa = PBXGroup;
			children = (
				4B28C46622FB2901002AE7FA /* TealiumAirship_Location.framework */,
				D7B3AC30247E97390040A0DE /* TealiumAirship.framework */,
				D709F50F247FFC4100B00D41 /* TealiumAirshipTests.xctest */,
			);
			name = Products;
			sourceTree = "<group>";
		};
		4B28C46822FB2901002AE7FA /* Sources */ = {
			isa = PBXGroup;
			children = (
				D75D99B324810A6100160978 /* AirshipConstants.swift */,
				CF1401C12304C098002AC330 /* AirshipRemoteCommand.swift */,
				CF1401C22304C098002AC330 /* AirshipInstance.swift */,
				CF7AD4DA258AB94E0098A0CA /* Supporting Files */,
				4B28C46922FB2901002AE7FA /* TealiumAirship.h */,
				4B28C46A22FB2901002AE7FA /* Info.plist */,
			);
			path = Sources;
			sourceTree = "<group>";
		};
		4B28C47322FB2901002AE7FA /* Tests */ = {
			isa = PBXGroup;
			children = (
				CFBA50BE2304DD6F00EF52BC /* HttpTestHelpers.swift */,
				4B28C47622FB2901002AE7FA /* Info.plist */,
				D7996F5A243221BC00E548BC /* AirshipTrackerTests.swift */,
				D7996F5C243221FA00E548BC /* MockAirshipInstance.swift */,
			);
			path = Tests;
			sourceTree = "<group>";
		};
		CF7AD4DA258AB94E0098A0CA /* Supporting Files */ = {
			isa = PBXGroup;
			children = (
				D709F4F9247FE91300B00D41 /* Location */,
				CFEABFFA258A9862007D9011 /* AirshipConfig.swift */,
				D7A12E672429290300C09484 /* AirshipPushMessaging.swift */,
				D7A12E6B242A2BB100C09484 /* AirshipAnalytics.swift */,
				D709F4F6247FCE9100B00D41 /* AirshipLocationDefaultConformance.swift */,
				D7A12E6D242A43C800C09484 /* AirshipSegmentation.swift */,
				D7A12E6F242A45C700C09484 /* AirshipInAppMessaging.swift */,
				D77DDC7B242E6652005D4596 /* AirshipMessageCenter.swift */,
			);
			path = "Supporting Files";
			sourceTree = "<group>";
		};
		CFBA50B02304DC8500EF52BC /* Frameworks */ = {
			isa = PBXGroup;
			children = (
				CFEABFE7258A9360007D9011 /* Airship.framework */,
				D7B3AC32247EAEF70040A0DE /* AirshipCore.framework */,
				D761A2DB243F6F9700D95453 /* TealiumIOS.framework */,
				D7EC004824377662009EED38 /* AirshipAccengage.framework */,
				D7EC004924377662009EED38 /* AirshipLocation.framework */,
				D77DDC4D242CB10A005D4596 /* TealiumAppData.framework */,
				D77DDC53242CB10A005D4596 /* TealiumAttribution.framework */,
				D77DDC4C242CB10A005D4596 /* TealiumAutotracking.framework */,
				D77DDC57242CB10B005D4596 /* TealiumCollect.framework */,
				D77DDC5A242CB10B005D4596 /* TealiumConnectivity.framework */,
				D77DDC58242CB10B005D4596 /* TealiumConsentManager.framework */,
				D77DDC4E242CB10A005D4596 /* TealiumCrash.framework */,
				D77DDC54242CB10A005D4596 /* TealiumCrashReporteriOS.framework */,
				D77DDC4B242CB10A005D4596 /* TealiumDeviceData.framework */,
				D77DDC4F242CB10A005D4596 /* TealiumDispatchQueue.framework */,
				D77DDC51242CB10A005D4596 /* TealiumLifecycle.framework */,
				D77DDC52242CB10A005D4596 /* TealiumLocation.framework */,
				D77DDC55242CB10B005D4596 /* TealiumLogger.framework */,
				D77DDC50242CB10A005D4596 /* TealiumPersistentData.framework */,
				D77DDC59242CB10B005D4596 /* TealiumVisitorService.framework */,
				D77DDC56242CB10B005D4596 /* TealiumVolatileData.framework */,
				D7A12E5724238FA500C09484 /* AirshipAutomation.framework */,
				D7A12E5224238FA500C09484 /* AirshipExtendedActions.framework */,
				D7A12E5524238FA500C09484 /* AirshipMessageCenter.framework */,
				D7A12E5824238FA500C09484 /* AirshipNotificationContentExtension.framework */,
				D7A12E5424238FA500C09484 /* AirshipNotificationServiceExtension.framework */,
				CFBA50B32304DC8600EF52BC /* TealiumCore.framework */,
				CFBA50B42304DC8600EF52BC /* TealiumDelegate.framework */,
				CFBA50B52304DC8600EF52BC /* TealiumRemoteCommands.framework */,
				CFBA50B12304DC8600EF52BC /* TealiumTagManagement.framework */,
			);
			name = Frameworks;
			sourceTree = "<group>";
		};
		D709F4F9247FE91300B00D41 /* Location */ = {
			isa = PBXGroup;
			children = (
				D709F4FA247FE91300B00D41 /* AirshipLocation.swift */,
			);
			path = Location;
			sourceTree = "<group>";
		};
/* End PBXGroup section */

/* Begin PBXHeadersBuildPhase section */
		4B28C46122FB2901002AE7FA /* Headers */ = {
			isa = PBXHeadersBuildPhase;
			buildActionMask = 2147483647;
			files = (
				4B28C47722FB2901002AE7FA /* TealiumAirship.h in Headers */,
				CFBA50AD2304D4CA00EF52BC /* AirshipRemoteCommand.swift in Headers */,
				CFBA50AE2304D4CA00EF52BC /* AirshipInstance.swift in Headers */,
			);
			runOnlyForDeploymentPostprocessing = 0;
		};
		D7B3AC05247E97390040A0DE /* Headers */ = {
			isa = PBXHeadersBuildPhase;
			buildActionMask = 2147483647;
			files = (
				D7B3AC06247E97390040A0DE /* TealiumAirship.h in Headers */,
				D7B3AC07247E97390040A0DE /* AirshipRemoteCommand.swift in Headers */,
				D7B3AC08247E97390040A0DE /* AirshipInstance.swift in Headers */,
			);
			runOnlyForDeploymentPostprocessing = 0;
		};
/* End PBXHeadersBuildPhase section */

/* Begin PBXNativeTarget section */
		4B28C46522FB2901002AE7FA /* TealiumAirship+Location */ = {
			isa = PBXNativeTarget;
			buildConfigurationList = 4B28C47A22FB2901002AE7FA /* Build configuration list for PBXNativeTarget "TealiumAirship+Location" */;
			buildPhases = (
				4B28C46122FB2901002AE7FA /* Headers */,
				4B28C46222FB2901002AE7FA /* Sources */,
				4B28C46322FB2901002AE7FA /* Frameworks */,
				4B28C46422FB2901002AE7FA /* Resources */,
				CFEABFE6258A935F007D9011 /* Embed Frameworks */,
			);
			buildRules = (
			);
			dependencies = (
			);
			name = "TealiumAirship+Location";
			productName = TealiumAirship;
			productReference = 4B28C46622FB2901002AE7FA /* TealiumAirship_Location.framework */;
			productType = "com.apple.product-type.framework";
		};
		D709F4FF247FFC4100B00D41 /* TealiumAirshipTests */ = {
			isa = PBXNativeTarget;
			buildConfigurationList = D709F50C247FFC4100B00D41 /* Build configuration list for PBXNativeTarget "TealiumAirshipTests" */;
			buildPhases = (
				D709F502247FFC4100B00D41 /* Sources */,
				D709F506247FFC4100B00D41 /* Frameworks */,
				D709F50A247FFC4100B00D41 /* Resources */,
				D709F50B247FFC4100B00D41 /* Carthage */,
			);
			buildRules = (
			);
			dependencies = (
				D7C138E024800112005E91C9 /* PBXTargetDependency */,
			);
			name = TealiumAirshipTests;
			packageProductDependencies = (
			);
			productName = TealiumAirshipTests;
			productReference = D709F50F247FFC4100B00D41 /* TealiumAirshipTests.xctest */;
			productType = "com.apple.product-type.bundle.unit-test";
		};
		D7B3AC04247E97390040A0DE /* TealiumAirship */ = {
			isa = PBXNativeTarget;
			buildConfigurationList = D7B3AC2D247E97390040A0DE /* Build configuration list for PBXNativeTarget "TealiumAirship" */;
			buildPhases = (
				D7B3AC05247E97390040A0DE /* Headers */,
				D7B3AC09247E97390040A0DE /* Sources */,
				D7B3AC14247E97390040A0DE /* Frameworks */,
				D7B3AC1F247E97390040A0DE /* Resources */,
				CFEABFF4258A938F007D9011 /* Embed Frameworks */,
			);
			buildRules = (
			);
			dependencies = (
			);
			name = TealiumAirship;
			productName = TealiumAirship;
			productReference = D7B3AC30247E97390040A0DE /* TealiumAirship.framework */;
			productType = "com.apple.product-type.framework";
		};
/* End PBXNativeTarget section */

/* Begin PBXProject section */
		4B28C45D22FB2901002AE7FA /* Project object */ = {
			isa = PBXProject;
			attributes = {
				LastSwiftUpdateCheck = 1140;
				LastUpgradeCheck = 1010;
				ORGANIZATIONNAME = Tealium;
				TargetAttributes = {
					4B28C46522FB2901002AE7FA = {
						CreatedOnToolsVersion = 10.1;
						LastSwiftMigration = 1030;
					};
				};
			};
			buildConfigurationList = 4B28C46022FB2901002AE7FA /* Build configuration list for PBXProject "TealiumAirship" */;
			compatibilityVersion = "Xcode 9.3";
			developmentRegion = en;
			hasScannedForEncodings = 0;
			knownRegions = (
				en,
				Base,
			);
			mainGroup = 4B28C45C22FB2901002AE7FA;
			packageReferences = (
			);
			productRefGroup = 4B28C46722FB2901002AE7FA /* Products */;
			projectDirPath = "";
			projectRoot = "";
			targets = (
				4B28C46522FB2901002AE7FA /* TealiumAirship+Location */,
				D7B3AC04247E97390040A0DE /* TealiumAirship */,
				D709F4FF247FFC4100B00D41 /* TealiumAirshipTests */,
			);
		};
/* End PBXProject section */

/* Begin PBXResourcesBuildPhase section */
		4B28C46422FB2901002AE7FA /* Resources */ = {
			isa = PBXResourcesBuildPhase;
			buildActionMask = 2147483647;
			files = (
			);
			runOnlyForDeploymentPostprocessing = 0;
		};
		D709F50A247FFC4100B00D41 /* Resources */ = {
			isa = PBXResourcesBuildPhase;
			buildActionMask = 2147483647;
			files = (
			);
			runOnlyForDeploymentPostprocessing = 0;
		};
		D7B3AC1F247E97390040A0DE /* Resources */ = {
			isa = PBXResourcesBuildPhase;
			buildActionMask = 2147483647;
			files = (
			);
			runOnlyForDeploymentPostprocessing = 0;
		};
/* End PBXResourcesBuildPhase section */

/* Begin PBXShellScriptBuildPhase section */
		D709F50B247FFC4100B00D41 /* Carthage */ = {
			isa = PBXShellScriptBuildPhase;
			buildActionMask = 2147483647;
			files = (
			);
			inputFileListPaths = (
			);
			inputPaths = (
				"$(SRCROOT)/Carthage/Build/iOS/TealiumRemoteCommands.framework",
				"$(SRCROOT)/Carthage/Build/iOS/TealiumCore.framework",
				"$(SRCROOT)/Carthage/Build/iOS/AirshipCore.framework",
				"$(SRCROOT)/Carthage/Build/iOS/AirshipAutomation.framework",
				"$(SRCROOT)/Carthage/Build/iOS/AirshipLocation.framework",
				"$(SRCROOT)/Carthage/Build/iOS/AirshipMessageCenter.framework",
			);
			name = Carthage;
			outputFileListPaths = (
			);
			outputPaths = (
			);
			runOnlyForDeploymentPostprocessing = 0;
			shellPath = /bin/sh;
			shellScript = "/usr/local/bin/carthage copy-frameworks\n";
		};
/* End PBXShellScriptBuildPhase section */

/* Begin PBXSourcesBuildPhase section */
		4B28C46222FB2901002AE7FA /* Sources */ = {
			isa = PBXSourcesBuildPhase;
			buildActionMask = 2147483647;
			files = (
				CFEABFFB258A9862007D9011 /* AirshipConfig.swift in Sources */,
				D7A12E6C242A2BB100C09484 /* AirshipAnalytics.swift in Sources */,
				D709F4FB247FE91300B00D41 /* AirshipLocation.swift in Sources */,
				D7B76391243B74C500CD6001 /* AirshipMessageCenter.swift in Sources */,
				D7B76392243B74D600CD6001 /* AirshipInAppMessaging.swift in Sources */,
				D7B7638F243B74A000CD6001 /* AirshipSegmentation.swift in Sources */,
				CF1401C42304C098002AC330 /* AirshipInstance.swift in Sources */,
				D75D99B424810A6100160978 /* AirshipConstants.swift in Sources */,
				D709F4F7247FCE9100B00D41 /* AirshipLocationDefaultConformance.swift in Sources */,
				D7A12E682429290300C09484 /* AirshipPushMessaging.swift in Sources */,
				CF1401C32304C098002AC330 /* AirshipRemoteCommand.swift in Sources */,
			);
			runOnlyForDeploymentPostprocessing = 0;
		};
		D709F502247FFC4100B00D41 /* Sources */ = {
			isa = PBXSourcesBuildPhase;
			buildActionMask = 2147483647;
			files = (
				D709F503247FFC4100B00D41 /* MockAirshipInstance.swift in Sources */,
				D709F504247FFC4100B00D41 /* HttpTestHelpers.swift in Sources */,
				D709F505247FFC4100B00D41 /* AirshipTrackerTests.swift in Sources */,
			);
			runOnlyForDeploymentPostprocessing = 0;
		};
		D7B3AC09247E97390040A0DE /* Sources */ = {
			isa = PBXSourcesBuildPhase;
			buildActionMask = 2147483647;
			files = (
				D75D99B524810A6100160978 /* AirshipConstants.swift in Sources */,
				D709F4F8247FCE9100B00D41 /* AirshipLocationDefaultConformance.swift in Sources */,
				D7B3AC0B247E97390040A0DE /* AirshipAnalytics.swift in Sources */,
				D7B3AC0E247E97390040A0DE /* AirshipMessageCenter.swift in Sources */,
				D7B3AC0F247E97390040A0DE /* AirshipInAppMessaging.swift in Sources */,
				D7B3AC10247E97390040A0DE /* AirshipSegmentation.swift in Sources */,
				D7B3AC11247E97390040A0DE /* AirshipInstance.swift in Sources */,
				D7B3AC12247E97390040A0DE /* AirshipPushMessaging.swift in Sources */,
				CFEABFFF258A9912007D9011 /* AirshipConfig.swift in Sources */,
				D7B3AC13247E97390040A0DE /* AirshipRemoteCommand.swift in Sources */,
			);
			runOnlyForDeploymentPostprocessing = 0;
		};
/* End PBXSourcesBuildPhase section */

/* Begin PBXTargetDependency section */
		D7C138E024800112005E91C9 /* PBXTargetDependency */ = {
			isa = PBXTargetDependency;
			target = D7B3AC04247E97390040A0DE /* TealiumAirship */;
			targetProxy = D7C138DF24800112005E91C9 /* PBXContainerItemProxy */;
		};
/* End PBXTargetDependency section */

/* Begin XCBuildConfiguration section */
		4B28C47822FB2901002AE7FA /* Debug */ = {
			isa = XCBuildConfiguration;
			buildSettings = {
				ALWAYS_SEARCH_USER_PATHS = NO;
				CLANG_ANALYZER_NONNULL = YES;
				CLANG_ANALYZER_NUMBER_OBJECT_CONVERSION = YES_AGGRESSIVE;
				CLANG_CXX_LANGUAGE_STANDARD = "gnu++14";
				CLANG_CXX_LIBRARY = "libc++";
				CLANG_ENABLE_MODULES = YES;
				CLANG_ENABLE_OBJC_ARC = YES;
				CLANG_ENABLE_OBJC_WEAK = YES;
				CLANG_WARN_BLOCK_CAPTURE_AUTORELEASING = YES;
				CLANG_WARN_BOOL_CONVERSION = YES;
				CLANG_WARN_COMMA = YES;
				CLANG_WARN_CONSTANT_CONVERSION = YES;
				CLANG_WARN_DEPRECATED_OBJC_IMPLEMENTATIONS = YES;
				CLANG_WARN_DIRECT_OBJC_ISA_USAGE = YES_ERROR;
				CLANG_WARN_DOCUMENTATION_COMMENTS = YES;
				CLANG_WARN_EMPTY_BODY = YES;
				CLANG_WARN_ENUM_CONVERSION = YES;
				CLANG_WARN_INFINITE_RECURSION = YES;
				CLANG_WARN_INT_CONVERSION = YES;
				CLANG_WARN_NON_LITERAL_NULL_CONVERSION = YES;
				CLANG_WARN_OBJC_IMPLICIT_RETAIN_SELF = YES;
				CLANG_WARN_OBJC_LITERAL_CONVERSION = YES;
				CLANG_WARN_OBJC_ROOT_CLASS = YES_ERROR;
				CLANG_WARN_RANGE_LOOP_ANALYSIS = YES;
				CLANG_WARN_STRICT_PROTOTYPES = YES;
				CLANG_WARN_SUSPICIOUS_MOVE = YES;
				CLANG_WARN_UNGUARDED_AVAILABILITY = YES_AGGRESSIVE;
				CLANG_WARN_UNREACHABLE_CODE = YES;
				CLANG_WARN__DUPLICATE_METHOD_MATCH = YES;
				CODE_SIGN_IDENTITY = "iPhone Developer";
				COPY_PHASE_STRIP = NO;
				CURRENT_PROJECT_VERSION = 1;
				DEBUG_INFORMATION_FORMAT = dwarf;
				ENABLE_STRICT_OBJC_MSGSEND = YES;
				ENABLE_TESTABILITY = YES;
				GCC_C_LANGUAGE_STANDARD = gnu11;
				GCC_DYNAMIC_NO_PIC = NO;
				GCC_NO_COMMON_BLOCKS = YES;
				GCC_OPTIMIZATION_LEVEL = 0;
				GCC_PREPROCESSOR_DEFINITIONS = (
					"DEBUG=1",
					"$(inherited)",
				);
				GCC_WARN_64_TO_32_BIT_CONVERSION = YES;
				GCC_WARN_ABOUT_RETURN_TYPE = YES_ERROR;
				GCC_WARN_UNDECLARED_SELECTOR = YES;
				GCC_WARN_UNINITIALIZED_AUTOS = YES_AGGRESSIVE;
				GCC_WARN_UNUSED_FUNCTION = YES;
				GCC_WARN_UNUSED_VARIABLE = YES;
				IPHONEOS_DEPLOYMENT_TARGET = 12.1;
				MTL_ENABLE_DEBUG_INFO = INCLUDE_SOURCE;
				MTL_FAST_MATH = YES;
				ONLY_ACTIVE_ARCH = YES;
				SDKROOT = iphoneos;
				SWIFT_ACTIVE_COMPILATION_CONDITIONS = DEBUG;
				SWIFT_OPTIMIZATION_LEVEL = "-Onone";
				SWIFT_VERSION = 4.2;
				VERSIONING_SYSTEM = "apple-generic";
				VERSION_INFO_PREFIX = "";
			};
			name = Debug;
		};
		4B28C47922FB2901002AE7FA /* Release */ = {
			isa = XCBuildConfiguration;
			buildSettings = {
				ALWAYS_SEARCH_USER_PATHS = NO;
				CLANG_ANALYZER_NONNULL = YES;
				CLANG_ANALYZER_NUMBER_OBJECT_CONVERSION = YES_AGGRESSIVE;
				CLANG_CXX_LANGUAGE_STANDARD = "gnu++14";
				CLANG_CXX_LIBRARY = "libc++";
				CLANG_ENABLE_MODULES = YES;
				CLANG_ENABLE_OBJC_ARC = YES;
				CLANG_ENABLE_OBJC_WEAK = YES;
				CLANG_WARN_BLOCK_CAPTURE_AUTORELEASING = YES;
				CLANG_WARN_BOOL_CONVERSION = YES;
				CLANG_WARN_COMMA = YES;
				CLANG_WARN_CONSTANT_CONVERSION = YES;
				CLANG_WARN_DEPRECATED_OBJC_IMPLEMENTATIONS = YES;
				CLANG_WARN_DIRECT_OBJC_ISA_USAGE = YES_ERROR;
				CLANG_WARN_DOCUMENTATION_COMMENTS = YES;
				CLANG_WARN_EMPTY_BODY = YES;
				CLANG_WARN_ENUM_CONVERSION = YES;
				CLANG_WARN_INFINITE_RECURSION = YES;
				CLANG_WARN_INT_CONVERSION = YES;
				CLANG_WARN_NON_LITERAL_NULL_CONVERSION = YES;
				CLANG_WARN_OBJC_IMPLICIT_RETAIN_SELF = YES;
				CLANG_WARN_OBJC_LITERAL_CONVERSION = YES;
				CLANG_WARN_OBJC_ROOT_CLASS = YES_ERROR;
				CLANG_WARN_RANGE_LOOP_ANALYSIS = YES;
				CLANG_WARN_STRICT_PROTOTYPES = YES;
				CLANG_WARN_SUSPICIOUS_MOVE = YES;
				CLANG_WARN_UNGUARDED_AVAILABILITY = YES_AGGRESSIVE;
				CLANG_WARN_UNREACHABLE_CODE = YES;
				CLANG_WARN__DUPLICATE_METHOD_MATCH = YES;
				CODE_SIGN_IDENTITY = "iPhone Developer";
				COPY_PHASE_STRIP = NO;
				CURRENT_PROJECT_VERSION = 1;
				DEBUG_INFORMATION_FORMAT = "dwarf-with-dsym";
				ENABLE_NS_ASSERTIONS = NO;
				ENABLE_STRICT_OBJC_MSGSEND = YES;
				GCC_C_LANGUAGE_STANDARD = gnu11;
				GCC_NO_COMMON_BLOCKS = YES;
				GCC_WARN_64_TO_32_BIT_CONVERSION = YES;
				GCC_WARN_ABOUT_RETURN_TYPE = YES_ERROR;
				GCC_WARN_UNDECLARED_SELECTOR = YES;
				GCC_WARN_UNINITIALIZED_AUTOS = YES_AGGRESSIVE;
				GCC_WARN_UNUSED_FUNCTION = YES;
				GCC_WARN_UNUSED_VARIABLE = YES;
				IPHONEOS_DEPLOYMENT_TARGET = 12.1;
				MTL_ENABLE_DEBUG_INFO = NO;
				MTL_FAST_MATH = YES;
				SDKROOT = iphoneos;
				SWIFT_COMPILATION_MODE = wholemodule;
				SWIFT_OPTIMIZATION_LEVEL = "-O";
				SWIFT_VERSION = 4.2;
				VALIDATE_PRODUCT = YES;
				VERSIONING_SYSTEM = "apple-generic";
				VERSION_INFO_PREFIX = "";
			};
			name = Release;
		};
		4B28C47B22FB2901002AE7FA /* Debug */ = {
			isa = XCBuildConfiguration;
			buildSettings = {
				BUILD_LIBRARY_FOR_DISTRIBUTION = NO;
				CLANG_ENABLE_MODULES = YES;
				CODE_SIGN_IDENTITY = "";
				"CODE_SIGN_IDENTITY[sdk=macosx*]" = "Apple Development";
				CODE_SIGN_STYLE = Automatic;
				DEFINES_MODULE = YES;
				DEVELOPMENT_TEAM = XC939GDC9P;
				DYLIB_COMPATIBILITY_VERSION = 1;
				DYLIB_CURRENT_VERSION = 1;
				DYLIB_INSTALL_NAME_BASE = "@rpath";
				FRAMEWORK_SEARCH_PATHS = (
					"$(inherited)",
					"$(PROJECT_DIR)/Carthage/Build/iOS",
				);
				INFOPLIST_FILE = "TealiumAirship+Location-Info.plist";
				INSTALL_PATH = "$(LOCAL_LIBRARY_DIR)/Frameworks";
				IPHONEOS_DEPLOYMENT_TARGET = 11.0;
				LD_RUNPATH_SEARCH_PATHS = (
					"$(inherited)",
					"@executable_path/Frameworks",
					"@loader_path/Frameworks",
				);
				PRODUCT_BUNDLE_IDENTIFIER = com.tealium.TealiumAirship;
				PRODUCT_NAME = "$(TARGET_NAME:c99extidentifier)";
				SKIP_INSTALL = YES;
				SWIFT_OPTIMIZATION_LEVEL = "-Onone";
				SWIFT_VERSION = 5.0;
				TARGETED_DEVICE_FAMILY = "1,2";
			};
			name = Debug;
		};
		4B28C47C22FB2901002AE7FA /* Release */ = {
			isa = XCBuildConfiguration;
			buildSettings = {
				BUILD_LIBRARY_FOR_DISTRIBUTION = NO;
				CLANG_ENABLE_MODULES = YES;
				CODE_SIGN_IDENTITY = "";
				"CODE_SIGN_IDENTITY[sdk=macosx*]" = "Apple Development";
				CODE_SIGN_STYLE = Automatic;
				DEFINES_MODULE = YES;
				DEVELOPMENT_TEAM = XC939GDC9P;
				DYLIB_COMPATIBILITY_VERSION = 1;
				DYLIB_CURRENT_VERSION = 1;
				DYLIB_INSTALL_NAME_BASE = "@rpath";
				FRAMEWORK_SEARCH_PATHS = (
					"$(inherited)",
					"$(PROJECT_DIR)/Carthage/Build/iOS",
				);
				INFOPLIST_FILE = "TealiumAirship+Location-Info.plist";
				INSTALL_PATH = "$(LOCAL_LIBRARY_DIR)/Frameworks";
				IPHONEOS_DEPLOYMENT_TARGET = 11.0;
				LD_RUNPATH_SEARCH_PATHS = (
					"$(inherited)",
					"@executable_path/Frameworks",
					"@loader_path/Frameworks",
				);
				PRODUCT_BUNDLE_IDENTIFIER = com.tealium.TealiumAirship;
				PRODUCT_NAME = "$(TARGET_NAME:c99extidentifier)";
				SKIP_INSTALL = YES;
				SWIFT_VERSION = 5.0;
				TARGETED_DEVICE_FAMILY = "1,2";
			};
			name = Release;
		};
		D709F50D247FFC4100B00D41 /* Debug */ = {
			isa = XCBuildConfiguration;
			buildSettings = {
				ALWAYS_EMBED_SWIFT_STANDARD_LIBRARIES = YES;
				CODE_SIGN_STYLE = Automatic;
				DEVELOPMENT_TEAM = XC939GDC9P;
				FRAMEWORK_SEARCH_PATHS = (
					"$(inherited)",
					"$(PROJECT_DIR)/Carthage/Build/iOS",
				);
				INFOPLIST_FILE = "TealiumAirshipTests-Info.plist";
				LD_RUNPATH_SEARCH_PATHS = (
					"$(inherited)",
					"@executable_path/Frameworks",
					"@loader_path/Frameworks",
				);
				PRODUCT_BUNDLE_IDENTIFIER = com.tealium.TealiumAirshipTests;
				PRODUCT_NAME = "$(TARGET_NAME)";
				SWIFT_VERSION = 4.2;
				TARGETED_DEVICE_FAMILY = "1,2";
			};
			name = Debug;
		};
		D709F50E247FFC4100B00D41 /* Release */ = {
			isa = XCBuildConfiguration;
			buildSettings = {
				ALWAYS_EMBED_SWIFT_STANDARD_LIBRARIES = YES;
				CODE_SIGN_STYLE = Automatic;
				DEVELOPMENT_TEAM = XC939GDC9P;
				FRAMEWORK_SEARCH_PATHS = (
					"$(inherited)",
					"$(PROJECT_DIR)/Carthage/Build/iOS",
				);
				INFOPLIST_FILE = "TealiumAirshipTests-Info.plist";
				LD_RUNPATH_SEARCH_PATHS = (
					"$(inherited)",
					"@executable_path/Frameworks",
					"@loader_path/Frameworks",
				);
				PRODUCT_BUNDLE_IDENTIFIER = com.tealium.TealiumAirshipTests;
				PRODUCT_NAME = "$(TARGET_NAME)";
				SWIFT_VERSION = 4.2;
				TARGETED_DEVICE_FAMILY = "1,2";
			};
			name = Release;
		};
		D7B3AC2E247E97390040A0DE /* Debug */ = {
			isa = XCBuildConfiguration;
			buildSettings = {
				BUILD_LIBRARY_FOR_DISTRIBUTION = NO;
				CLANG_ENABLE_MODULES = YES;
				CODE_SIGN_IDENTITY = "";
				"CODE_SIGN_IDENTITY[sdk=macosx*]" = "Apple Development";
				CODE_SIGN_STYLE = Automatic;
				DEFINES_MODULE = YES;
				DEVELOPMENT_TEAM = XC939GDC9P;
				DYLIB_COMPATIBILITY_VERSION = 1;
				DYLIB_CURRENT_VERSION = 1;
				DYLIB_INSTALL_NAME_BASE = "@rpath";
				FRAMEWORK_SEARCH_PATHS = (
					"$(inherited)",
					"$(PROJECT_DIR)/Carthage/Build/iOS",
					"$(PROJECT_DIR)",
				);
				INFOPLIST_FILE = "TealiumAirship-Info.plist";
				INSTALL_PATH = "$(LOCAL_LIBRARY_DIR)/Frameworks";
				IPHONEOS_DEPLOYMENT_TARGET = 11.0;
				LD_RUNPATH_SEARCH_PATHS = (
					"$(inherited)",
					"@executable_path/Frameworks",
					"@loader_path/Frameworks",
				);
				PRODUCT_BUNDLE_IDENTIFIER = com.tealium.TealiumAirship;
				PRODUCT_NAME = "$(TARGET_NAME)";
				SKIP_INSTALL = YES;
				SWIFT_OPTIMIZATION_LEVEL = "-Onone";
				SWIFT_VERSION = 5.0;
				TARGETED_DEVICE_FAMILY = "1,2";
			};
			name = Debug;
		};
		D7B3AC2F247E97390040A0DE /* Release */ = {
			isa = XCBuildConfiguration;
			buildSettings = {
				BUILD_LIBRARY_FOR_DISTRIBUTION = NO;
				CLANG_ENABLE_MODULES = YES;
				CODE_SIGN_IDENTITY = "";
				"CODE_SIGN_IDENTITY[sdk=macosx*]" = "Apple Development";
				CODE_SIGN_STYLE = Automatic;
				DEFINES_MODULE = YES;
				DEVELOPMENT_TEAM = XC939GDC9P;
				DYLIB_COMPATIBILITY_VERSION = 1;
				DYLIB_CURRENT_VERSION = 1;
				DYLIB_INSTALL_NAME_BASE = "@rpath";
				FRAMEWORK_SEARCH_PATHS = (
					"$(inherited)",
					"$(PROJECT_DIR)/Carthage/Build/iOS",
					"$(PROJECT_DIR)",
				);
				INFOPLIST_FILE = "TealiumAirship-Info.plist";
				INSTALL_PATH = "$(LOCAL_LIBRARY_DIR)/Frameworks";
				IPHONEOS_DEPLOYMENT_TARGET = 11.0;
				LD_RUNPATH_SEARCH_PATHS = (
					"$(inherited)",
					"@executable_path/Frameworks",
					"@loader_path/Frameworks",
				);
				PRODUCT_BUNDLE_IDENTIFIER = com.tealium.TealiumAirship;
				PRODUCT_NAME = "$(TARGET_NAME)";
				SKIP_INSTALL = YES;
				SWIFT_VERSION = 5.0;
				TARGETED_DEVICE_FAMILY = "1,2";
			};
			name = Release;
		};
/* End XCBuildConfiguration section */

/* Begin XCConfigurationList section */
		4B28C46022FB2901002AE7FA /* Build configuration list for PBXProject "TealiumAirship" */ = {
			isa = XCConfigurationList;
			buildConfigurations = (
				4B28C47822FB2901002AE7FA /* Debug */,
				4B28C47922FB2901002AE7FA /* Release */,
			);
			defaultConfigurationIsVisible = 0;
			defaultConfigurationName = Release;
		};
		4B28C47A22FB2901002AE7FA /* Build configuration list for PBXNativeTarget "TealiumAirship+Location" */ = {
			isa = XCConfigurationList;
			buildConfigurations = (
				4B28C47B22FB2901002AE7FA /* Debug */,
				4B28C47C22FB2901002AE7FA /* Release */,
			);
			defaultConfigurationIsVisible = 0;
			defaultConfigurationName = Release;
		};
		D709F50C247FFC4100B00D41 /* Build configuration list for PBXNativeTarget "TealiumAirshipTests" */ = {
			isa = XCConfigurationList;
			buildConfigurations = (
				D709F50D247FFC4100B00D41 /* Debug */,
				D709F50E247FFC4100B00D41 /* Release */,
			);
			defaultConfigurationIsVisible = 0;
			defaultConfigurationName = Release;
		};
		D7B3AC2D247E97390040A0DE /* Build configuration list for PBXNativeTarget "TealiumAirship" */ = {
			isa = XCConfigurationList;
			buildConfigurations = (
				D7B3AC2E247E97390040A0DE /* Debug */,
				D7B3AC2F247E97390040A0DE /* Release */,
			);
			defaultConfigurationIsVisible = 0;
			defaultConfigurationName = Release;
		};
/* End XCConfigurationList section */
	};
	rootObject = 4B28C45D22FB2901002AE7FA /* Project object */;
}
