{
  "object": {
    "pins": [
      {
        "package": "Airship",
        "repositoryURL": "https://github.com/urbanairship/ios-library",
        "state": {
          "branch": null,
          "revision": "47ea7ee2edb18c07bdffd883f9a4dbbfc8ee2c54",
          "version": "14.2.0"
        }
      },
      {
        "package": "TealiumAirship",
        "repositoryURL": "git@github.com:Tealium/tealium-ios-airship-remote-command.git",
        "state": {
          "branch": "1.0.0-update",
          "revision": "fa015cfacb52b12fa35c9d12e2865c50dd14f341",
          "version": null
        }
      },
      {
        "package": "TealiumSwift",
        "repositoryURL": "https://github.com/tealium/tealium-swift",
        "state": {
          "branch": null,
          "revision": "7193159ff41dd7d077f4388b8604c32db18a0f0a",
          "version": "2.2.0"
        }
      }
    ]
  },
  "version": 1
}
