{
  "object": {
    "pins": [
      {
        "package": "TealiumSwift",
        "repositoryURL": "https://github.com/Tealium/tealium-swift",
        "state": {
          "branch": null,
          "revision": "12ea8d1a6dfcb915de6dd549a83c4fcaad31ebf8",
          "version": "1.9.4"
        }
      }
    ]
  },
  "version": 1
}
