PODS:
  - Airship (13.3.2):
    - Airship/Automation (= 13.3.2)
    - Airship/Core (= 13.3.2)
    - Airship/ExtendedActions (= 13.3.2)
    - Airship/MessageCenter (= 13.3.2)
  - Airship/Automation (13.3.2):
    - Airship/Core
  - Airship/Core (13.3.2)
  - Airship/ExtendedActions (13.3.2):
    - Airship/Core
  - Airship/Location (13.3.2):
    - Airship/Core
  - Airship/MessageCenter (13.3.2):
    - Airship/Core
  - TealiumIOS (5.6.6)
  - TealiumIOSLifecycle (5.6.6)

DEPENDENCIES:
  - Airship
  - Airship/Location
  - TealiumIOS
  - TealiumIOSLifecycle

SPEC REPOS:
  trunk:
    - Airship
    - TealiumIOS
    - TealiumIOSLifecycle

SPEC CHECKSUMS:
  Airship: ce026f4cc30869566ce17da980907fa149d64855
  TealiumIOS: 6fa0157ef4ea13ff56b576e17d90085dc2fe9c4d
  TealiumIOSLifecycle: f26daa58f08ea3a76b96363b966698c5c79af6ed

PODFILE CHECKSUM: d08db05a1a4bb210b106f39583a295f09b41c590

COCOAPODS: 1.8.4
