PODS:
  - Airship/Automation (16.0.1):
    - Airship/Core
  - Airship/Basement (16.0.1)
  - Airship/Core (16.0.1):
    - Airship/Basement
  - Airship/Location (16.0.1):
    - Airship/Core
  - Airship/MessageCenter (16.0.1):
    - Airship/Core
  - tealium-swift/Core (2.12.2)
  - tealium-swift/Lifecycle (2.12.2):
    - tealium-swift/Core
  - tealium-swift/RemoteCommands (2.12.2):
    - tealium-swift/Core
  - TealiumAirship (1.2.0):
    - Airship/Automation (~> 16.0)
    - Airship/Core (~> 16.0)
    - Airship/Location (~> 16.0)
    - Airship/MessageCenter (~> 16.0)
    - tealium-swift/Core (~> 2.12)
    - tealium-swift/RemoteCommands (~> 2.12)

DEPENDENCIES:
  - tealium-swift/Lifecycle (~> 2.12)
  - TealiumAirship (from `../`)

SPEC REPOS:
  trunk:
    - Airship
    - tealium-swift

EXTERNAL SOURCES:
  TealiumAirship:
    :path: "../"

SPEC CHECKSUMS:
  Airship: 5fe7c3e50244f4588971da98f9e3b0aa865f5ec0
  tealium-swift: 4b7e3dda42d7c1de6acb769abad9920346d17d43
  TealiumAirship: d21bb4174d5de8bba330542710df47b98c8c24af

PODFILE CHECKSUM: b4420d5baa6dcaecbafd6c22c2786c1a53929cb1

COCOAPODS: 1.15.2
