PODS:
  - Airship (14.1.3):
    - Airship/Automation (= 14.1.3)
    - Airship/Core (= 14.1.3)
    - Airship/ExtendedActions (= 14.1.3)
    - Airship/MessageCenter (= 14.1.3)
  - Airship/Automation (14.1.3):
    - Airship/Core
  - Airship/Core (14.1.3)
  - Airship/ExtendedActions (14.1.3):
    - Airship/Core
  - Airship/Location (14.1.3):
    - Airship/Core
  - Airship/MessageCenter (14.1.3):
    - Airship/Core
  - tealium-swift/Core (2.2.0)
  - tealium-swift/Lifecycle (2.2.0):
    - tealium-swift/Core
  - tealium-swift/RemoteCommands (2.2.0):
    - tealium-swift/Core
  - tealium-swift/TagManagement (2.2.0):
    - tealium-swift/Core
  - TealiumAirship (1.0.0):
    - TealiumAirship/Core (= 1.0.0)
  - TealiumAirship/Core (1.0.0):
    - Airship (~> 14.1)
    - tealium-swift/Core
    - tealium-swift/RemoteCommands
    - tealium-swift/TagManagement
  - TealiumAirship/Location (1.0.0):
    - Airship/Location (~> 14.1)
    - TealiumAirship/Core

DEPENDENCIES:
  - tealium-swift/Lifecycle
  - TealiumAirship (from `../`)
  - TealiumAirship/Location (from `../`)

SPEC REPOS:
  trunk:
    - Airship
    - tealium-swift

EXTERNAL SOURCES:
  TealiumAirship:
    :path: "../"

SPEC CHECKSUMS:
  Airship: bb8fc010450ebb2c33314af9761bb79df4950dbc
  tealium-swift: d8e170afa207fb50e1d94ddca5269a2fb2aff2ed
  TealiumAirship: 6d71d6a714ae197dfdf252186b2785d17b75f729

PODFILE CHECKSUM: 2ff563b30cd516bf391dd73ea6fb90519716dd03

COCOAPODS: 1.10.0
