// !$*UTF8*$!
{
	archiveVersion = 1;
	classes = {
	};
	objectVersion = 51;
	objects = {

/* Begin PBXBuildFile section */
		A98BE357590F2FB7F35F5FBB /* Pods_AirshipSample.framework in Frameworks */ = {isa = PBXBuildFile; fileRef = C8663165B83ECCBD26D1E3F9 /* Pods_AirshipSample.framework */; };
		D75D99DD24814ECC00160978 /* AirshipInAppMessaging.swift in Sources */ = {isa = PBXBuildFile; fileRef = D75D99D224814ECC00160978 /* AirshipInAppMessaging.swift */; };
		D75D99DE24814ECC00160978 /* AirshipConstants.swift in Sources */ = {isa = PBXBuildFile; fileRef = D75D99D324814ECC00160978 /* AirshipConstants.swift */; };
		D75D99DF24814ECC00160978 /* AirshipMessageCenter.swift in Sources */ = {isa = PBXBuildFile; fileRef = D75D99D424814ECC00160978 /* AirshipMessageCenter.swift */; };
		D75D99E024814ECC00160978 /* AirshipSegmentation.swift in Sources */ = {isa = PBXBuildFile; fileRef = D75D99D524814ECC00160978 /* AirshipSegmentation.swift */; };
		D75D99E124814ECC00160978 /* AirshipLocationDefaultConformance.swift in Sources */ = {isa = PBXBuildFile; fileRef = D75D99D624814ECC00160978 /* AirshipLocationDefaultConformance.swift */; };
		D75D99E224814ECC00160978 /* AirshipAnalytics.swift in Sources */ = {isa = PBXBuildFile; fileRef = D75D99D724814ECC00160978 /* AirshipAnalytics.swift */; };
		D75D99E324814ECC00160978 /* AirshipPushMessaging.swift in Sources */ = {isa = PBXBuildFile; fileRef = D75D99D824814ECC00160978 /* AirshipPushMessaging.swift */; };
		D75D99E424814ECC00160978 /* AirshipTrackableProtocol.swift in Sources */ = {isa = PBXBuildFile; fileRef = D75D99D924814ECC00160978 /* AirshipTrackableProtocol.swift */; };
		D75D99E524814ECC00160978 /* AirshipTracker.swift in Sources */ = {isa = PBXBuildFile; fileRef = D75D99DA24814ECC00160978 /* AirshipTracker.swift */; };
		D75D99E624814ECC00160978 /* AirshipRemoteCommand.swift in Sources */ = {isa = PBXBuildFile; fileRef = D75D99DB24814ECC00160978 /* AirshipRemoteCommand.swift */; };
		D75D99E724814ECC00160978 /* AirshipLocation.swift in Sources */ = {isa = PBXBuildFile; fileRef = D75D99DC24814ECC00160978 /* AirshipLocation.swift */; };
		D79A1BF12449A67B00BBA8B3 /* AppDelegate.swift in Sources */ = {isa = PBXBuildFile; fileRef = D79A1BF02449A67B00BBA8B3 /* AppDelegate.swift */; };
		D79A1BF32449A67B00BBA8B3 /* SceneDelegate.swift in Sources */ = {isa = PBXBuildFile; fileRef = D79A1BF22449A67B00BBA8B3 /* SceneDelegate.swift */; };
		D79A1BF52449A67B00BBA8B3 /* ContentView.swift in Sources */ = {isa = PBXBuildFile; fileRef = D79A1BF42449A67B00BBA8B3 /* ContentView.swift */; };
		D79A1BF72449A67C00BBA8B3 /* Assets.xcassets in Resources */ = {isa = PBXBuildFile; fileRef = D79A1BF62449A67C00BBA8B3 /* Assets.xcassets */; };
		D79A1BFA2449A67C00BBA8B3 /* Preview Assets.xcassets in Resources */ = {isa = PBXBuildFile; fileRef = D79A1BF92449A67C00BBA8B3 /* Preview Assets.xcassets */; };
		D79A1BFD2449A67C00BBA8B3 /* LaunchScreen.storyboard in Resources */ = {isa = PBXBuildFile; fileRef = D79A1BFB2449A67C00BBA8B3 /* LaunchScreen.storyboard */; };
		D79A1C032449B1CB00BBA8B3 /* TitleView.swift in Sources */ = {isa = PBXBuildFile; fileRef = D79A1C022449B1CB00BBA8B3 /* TitleView.swift */; };
		D79A1C052449B20400BBA8B3 /* ButtonView.swift in Sources */ = {isa = PBXBuildFile; fileRef = D79A1C042449B20400BBA8B3 /* ButtonView.swift */; };
		D79A1C072449B27F00BBA8B3 /* TealiumHelper.swift in Sources */ = {isa = PBXBuildFile; fileRef = D79A1C062449B27F00BBA8B3 /* TealiumHelper.swift */; };
		D79A1C092449B3F800BBA8B3 /* CoreFunctionsView.swift in Sources */ = {isa = PBXBuildFile; fileRef = D79A1C082449B3F800BBA8B3 /* CoreFunctionsView.swift */; };
		D79A1C772449DA3C00BBA8B3 /* Toggles.swift in Sources */ = {isa = PBXBuildFile; fileRef = D79A1C762449DA3C00BBA8B3 /* Toggles.swift */; };
		D79A1C7B2449E96C00BBA8B3 /* SegmentationView.swift in Sources */ = {isa = PBXBuildFile; fileRef = D79A1C7A2449E96C00BBA8B3 /* SegmentationView.swift */; };
		D79A1C7D2449E97600BBA8B3 /* MessagingView.swift in Sources */ = {isa = PBXBuildFile; fileRef = D79A1C7C2449E97600BBA8B3 /* MessagingView.swift */; };
/* End PBXBuildFile section */

/* Begin PBXCopyFilesBuildPhase section */
		D79A1C672449C43900BBA8B3 /* Embed Frameworks */ = {
			isa = PBXCopyFilesBuildPhase;
			buildActionMask = 2147483647;
			dstPath = "";
			dstSubfolderSpec = 10;
			files = (
			);
			name = "Embed Frameworks";
			runOnlyForDeploymentPostprocessing = 0;
		};
/* End PBXCopyFilesBuildPhase section */

/* Begin PBXFileReference section */
		19EAB4DD96357470088B8591 /* Pods-AirshipSample.release.xcconfig */ = {isa = PBXFileReference; includeInIndex = 1; lastKnownFileType = text.xcconfig; name = "Pods-AirshipSample.release.xcconfig"; path = "Target Support Files/Pods-AirshipSample/Pods-AirshipSample.release.xcconfig"; sourceTree = "<group>"; };
		C5D0BA4BCD60D1BE69C01D53 /* Pods-AirshipSample.debug.xcconfig */ = {isa = PBXFileReference; includeInIndex = 1; lastKnownFileType = text.xcconfig; name = "Pods-AirshipSample.debug.xcconfig"; path = "Target Support Files/Pods-AirshipSample/Pods-AirshipSample.debug.xcconfig"; sourceTree = "<group>"; };
		C8663165B83ECCBD26D1E3F9 /* Pods_AirshipSample.framework */ = {isa = PBXFileReference; explicitFileType = wrapper.framework; includeInIndex = 0; path = Pods_AirshipSample.framework; sourceTree = BUILT_PRODUCTS_DIR; };
		D75D99D224814ECC00160978 /* AirshipInAppMessaging.swift */ = {isa = PBXFileReference; fileEncoding = 4; lastKnownFileType = sourcecode.swift; name = AirshipInAppMessaging.swift; path = ../AirshipInAppMessaging.swift; sourceTree = "<group>"; };
		D75D99D324814ECC00160978 /* AirshipConstants.swift */ = {isa = PBXFileReference; fileEncoding = 4; lastKnownFileType = sourcecode.swift; name = AirshipConstants.swift; path = ../AirshipConstants.swift; sourceTree = "<group>"; };
		D75D99D424814ECC00160978 /* AirshipMessageCenter.swift */ = {isa = PBXFileReference; fileEncoding = 4; lastKnownFileType = sourcecode.swift; name = AirshipMessageCenter.swift; path = ../AirshipMessageCenter.swift; sourceTree = "<group>"; };
		D75D99D524814ECC00160978 /* AirshipSegmentation.swift */ = {isa = PBXFileReference; fileEncoding = 4; lastKnownFileType = sourcecode.swift; name = AirshipSegmentation.swift; path = ../AirshipSegmentation.swift; sourceTree = "<group>"; };
		D75D99D624814ECC00160978 /* AirshipLocationDefaultConformance.swift */ = {isa = PBXFileReference; fileEncoding = 4; lastKnownFileType = sourcecode.swift; name = AirshipLocationDefaultConformance.swift; path = ../AirshipLocationDefaultConformance.swift; sourceTree = "<group>"; };
		D75D99D724814ECC00160978 /* AirshipAnalytics.swift */ = {isa = PBXFileReference; fileEncoding = 4; lastKnownFileType = sourcecode.swift; name = AirshipAnalytics.swift; path = ../AirshipAnalytics.swift; sourceTree = "<group>"; };
		D75D99D824814ECC00160978 /* AirshipPushMessaging.swift */ = {isa = PBXFileReference; fileEncoding = 4; lastKnownFileType = sourcecode.swift; name = AirshipPushMessaging.swift; path = ../AirshipPushMessaging.swift; sourceTree = "<group>"; };
		D75D99D924814ECC00160978 /* AirshipTrackableProtocol.swift */ = {isa = PBXFileReference; fileEncoding = 4; lastKnownFileType = sourcecode.swift; name = AirshipTrackableProtocol.swift; path = ../AirshipTrackableProtocol.swift; sourceTree = "<group>"; };
		D75D99DA24814ECC00160978 /* AirshipTracker.swift */ = {isa = PBXFileReference; fileEncoding = 4; lastKnownFileType = sourcecode.swift; name = AirshipTracker.swift; path = ../AirshipTracker.swift; sourceTree = "<group>"; };
		D75D99DB24814ECC00160978 /* AirshipRemoteCommand.swift */ = {isa = PBXFileReference; fileEncoding = 4; lastKnownFileType = sourcecode.swift; name = AirshipRemoteCommand.swift; path = ../AirshipRemoteCommand.swift; sourceTree = "<group>"; };
		D75D99DC24814ECC00160978 /* AirshipLocation.swift */ = {isa = PBXFileReference; fileEncoding = 4; lastKnownFileType = sourcecode.swift; name = AirshipLocation.swift; path = ../AirshipLocation.swift; sourceTree = "<group>"; };
		D79A1BEE2449A67B00BBA8B3 /* AirshipSample.app */ = {isa = PBXFileReference; explicitFileType = wrapper.application; includeInIndex = 0; path = AirshipSample.app; sourceTree = BUILT_PRODUCTS_DIR; };
		D79A1BF02449A67B00BBA8B3 /* AppDelegate.swift */ = {isa = PBXFileReference; lastKnownFileType = sourcecode.swift; path = AppDelegate.swift; sourceTree = "<group>"; };
		D79A1BF22449A67B00BBA8B3 /* SceneDelegate.swift */ = {isa = PBXFileReference; lastKnownFileType = sourcecode.swift; path = SceneDelegate.swift; sourceTree = "<group>"; };
		D79A1BF42449A67B00BBA8B3 /* ContentView.swift */ = {isa = PBXFileReference; lastKnownFileType = sourcecode.swift; path = ContentView.swift; sourceTree = "<group>"; };
		D79A1BF62449A67C00BBA8B3 /* Assets.xcassets */ = {isa = PBXFileReference; lastKnownFileType = folder.assetcatalog; path = Assets.xcassets; sourceTree = "<group>"; };
		D79A1BF92449A67C00BBA8B3 /* Preview Assets.xcassets */ = {isa = PBXFileReference; lastKnownFileType = folder.assetcatalog; path = "Preview Assets.xcassets"; sourceTree = "<group>"; };
		D79A1BFC2449A67C00BBA8B3 /* Base */ = {isa = PBXFileReference; lastKnownFileType = file.storyboard; name = Base; path = Base.lproj/LaunchScreen.storyboard; sourceTree = "<group>"; };
		D79A1BFE2449A67C00BBA8B3 /* Info.plist */ = {isa = PBXFileReference; lastKnownFileType = text.plist.xml; path = Info.plist; sourceTree = "<group>"; };
		D79A1C022449B1CB00BBA8B3 /* TitleView.swift */ = {isa = PBXFileReference; lastKnownFileType = sourcecode.swift; path = TitleView.swift; sourceTree = "<group>"; };
		D79A1C042449B20400BBA8B3 /* ButtonView.swift */ = {isa = PBXFileReference; lastKnownFileType = sourcecode.swift; path = ButtonView.swift; sourceTree = "<group>"; };
		D79A1C062449B27F00BBA8B3 /* TealiumHelper.swift */ = {isa = PBXFileReference; lastKnownFileType = sourcecode.swift; path = TealiumHelper.swift; sourceTree = "<group>"; };
		D79A1C082449B3F800BBA8B3 /* CoreFunctionsView.swift */ = {isa = PBXFileReference; lastKnownFileType = sourcecode.swift; path = CoreFunctionsView.swift; sourceTree = "<group>"; };
		D79A1C762449DA3C00BBA8B3 /* Toggles.swift */ = {isa = PBXFileReference; lastKnownFileType = sourcecode.swift; path = Toggles.swift; sourceTree = "<group>"; };
		D79A1C7A2449E96C00BBA8B3 /* SegmentationView.swift */ = {isa = PBXFileReference; lastKnownFileType = sourcecode.swift; path = SegmentationView.swift; sourceTree = "<group>"; };
		D79A1C7C2449E97600BBA8B3 /* MessagingView.swift */ = {isa = PBXFileReference; lastKnownFileType = sourcecode.swift; path = MessagingView.swift; sourceTree = "<group>"; };
/* End PBXFileReference section */

/* Begin PBXFrameworksBuildPhase section */
		D79A1BEB2449A67B00BBA8B3 /* Frameworks */ = {
			isa = PBXFrameworksBuildPhase;
			buildActionMask = 2147483647;
			files = (
				A98BE357590F2FB7F35F5FBB /* Pods_AirshipSample.framework in Frameworks */,
			);
			runOnlyForDeploymentPostprocessing = 0;
		};
/* End PBXFrameworksBuildPhase section */

/* Begin PBXGroup section */
		3F639C3415213ED8AC8CE291 /* Pods */ = {
			isa = PBXGroup;
			children = (
				C5D0BA4BCD60D1BE69C01D53 /* Pods-AirshipSample.debug.xcconfig */,
				19EAB4DD96357470088B8591 /* Pods-AirshipSample.release.xcconfig */,
			);
			path = Pods;
			sourceTree = "<group>";
		};
		67542A657F2B739331040359 /* Frameworks */ = {
			isa = PBXGroup;
			children = (
				C8663165B83ECCBD26D1E3F9 /* Pods_AirshipSample.framework */,
			);
			name = Frameworks;
			sourceTree = "<group>";
		};
		D75D99D124814EB700160978 /* AirshipRemoteCommand */ = {
			isa = PBXGroup;
			children = (
				D75D99D724814ECC00160978 /* AirshipAnalytics.swift */,
				D75D99D324814ECC00160978 /* AirshipConstants.swift */,
				D75D99D224814ECC00160978 /* AirshipInAppMessaging.swift */,
				D75D99DC24814ECC00160978 /* AirshipLocation.swift */,
				D75D99D624814ECC00160978 /* AirshipLocationDefaultConformance.swift */,
				D75D99D424814ECC00160978 /* AirshipMessageCenter.swift */,
				D75D99D824814ECC00160978 /* AirshipPushMessaging.swift */,
				D75D99DB24814ECC00160978 /* AirshipRemoteCommand.swift */,
				D75D99D524814ECC00160978 /* AirshipSegmentation.swift */,
				D75D99D924814ECC00160978 /* AirshipTrackableProtocol.swift */,
				D75D99DA24814ECC00160978 /* AirshipTracker.swift */,
			);
			name = AirshipRemoteCommand;
			sourceTree = "<group>";
		};
		D76856FB2448B07500626507 = {
			isa = PBXGroup;
			children = (
				D75D99D124814EB700160978 /* AirshipRemoteCommand */,
				D79A1BEF2449A67B00BBA8B3 /* AirshipSample */,
				D76857052448B07500626507 /* Products */,
				3F639C3415213ED8AC8CE291 /* Pods */,
				67542A657F2B739331040359 /* Frameworks */,
			);
			sourceTree = "<group>";
		};
		D76857052448B07500626507 /* Products */ = {
			isa = PBXGroup;
			children = (
				D79A1BEE2449A67B00BBA8B3 /* AirshipSample.app */,
			);
			name = Products;
			sourceTree = "<group>";
		};
		D79A1BEF2449A67B00BBA8B3 /* AirshipSample */ = {
			isa = PBXGroup;
			children = (
				D79A1BF02449A67B00BBA8B3 /* AppDelegate.swift */,
				D79A1BF22449A67B00BBA8B3 /* SceneDelegate.swift */,
				D79A1BF42449A67B00BBA8B3 /* ContentView.swift */,
				D79A1BF62449A67C00BBA8B3 /* Assets.xcassets */,
				D79A1BFB2449A67C00BBA8B3 /* LaunchScreen.storyboard */,
				D79A1BFE2449A67C00BBA8B3 /* Info.plist */,
				D79A1BF82449A67C00BBA8B3 /* Preview Content */,
				D79A1C022449B1CB00BBA8B3 /* TitleView.swift */,
				D79A1C042449B20400BBA8B3 /* ButtonView.swift */,
				D79A1C062449B27F00BBA8B3 /* TealiumHelper.swift */,
				D79A1C082449B3F800BBA8B3 /* CoreFunctionsView.swift */,
				D79A1C762449DA3C00BBA8B3 /* Toggles.swift */,
				D79A1C7A2449E96C00BBA8B3 /* SegmentationView.swift */,
				D79A1C7C2449E97600BBA8B3 /* MessagingView.swift */,
			);
			path = AirshipSample;
			sourceTree = "<group>";
		};
		D79A1BF82449A67C00BBA8B3 /* Preview Content */ = {
			isa = PBXGroup;
			children = (
				D79A1BF92449A67C00BBA8B3 /* Preview Assets.xcassets */,
			);
			path = "Preview Content";
			sourceTree = "<group>";
		};
/* End PBXGroup section */

/* Begin PBXNativeTarget section */
		D79A1BED2449A67B00BBA8B3 /* AirshipSample */ = {
			isa = PBXNativeTarget;
			buildConfigurationList = D79A1C012449A67C00BBA8B3 /* Build configuration list for PBXNativeTarget "AirshipSample" */;
			buildPhases = (
				A7A1172BDD68BE302C9D8E99 /* [CP] Check Pods Manifest.lock */,
				D79A1BEA2449A67B00BBA8B3 /* Sources */,
				D79A1BEB2449A67B00BBA8B3 /* Frameworks */,
				D79A1BEC2449A67B00BBA8B3 /* Resources */,
				D79A1C672449C43900BBA8B3 /* Embed Frameworks */,
				AD165AFAF8EF99080847C228 /* [CP] Embed Pods Frameworks */,
			);
			buildRules = (
			);
			dependencies = (
			);
			name = AirshipSample;
			productName = AirshipTabbedExample;
			productReference = D79A1BEE2449A67B00BBA8B3 /* AirshipSample.app */;
			productType = "com.apple.product-type.application";
		};
/* End PBXNativeTarget section */

/* Begin PBXProject section */
		D76856FC2448B07500626507 /* Project object */ = {
			isa = PBXProject;
			attributes = {
				LastSwiftUpdateCheck = 1140;
				LastUpgradeCheck = 1140;
				ORGANIZATIONNAME = Tealium;
				TargetAttributes = {
					D79A1BED2449A67B00BBA8B3 = {
						CreatedOnToolsVersion = 11.4.1;
						LastSwiftMigration = 1150;
					};
				};
			};
			buildConfigurationList = D76856FF2448B07500626507 /* Build configuration list for PBXProject "TealiumAirshipSample" */;
			compatibilityVersion = "Xcode 9.3";
			developmentRegion = en;
			hasScannedForEncodings = 0;
			knownRegions = (
				en,
				Base,
			);
			mainGroup = D76856FB2448B07500626507;
			productRefGroup = D76857052448B07500626507 /* Products */;
			projectDirPath = "";
			projectRoot = "";
			targets = (
				D79A1BED2449A67B00BBA8B3 /* AirshipSample */,
			);
		};
/* End PBXProject section */

/* Begin PBXResourcesBuildPhase section */
		D79A1BEC2449A67B00BBA8B3 /* Resources */ = {
			isa = PBXResourcesBuildPhase;
			buildActionMask = 2147483647;
			files = (
				D79A1BFD2449A67C00BBA8B3 /* LaunchScreen.storyboard in Resources */,
				D79A1BFA2449A67C00BBA8B3 /* Preview Assets.xcassets in Resources */,
				D79A1BF72449A67C00BBA8B3 /* Assets.xcassets in Resources */,
			);
			runOnlyForDeploymentPostprocessing = 0;
		};
/* End PBXResourcesBuildPhase section */

/* Begin PBXShellScriptBuildPhase section */
		A7A1172BDD68BE302C9D8E99 /* [CP] Check Pods Manifest.lock */ = {
			isa = PBXShellScriptBuildPhase;
			buildActionMask = 2147483647;
			files = (
			);
			inputFileListPaths = (
			);
			inputPaths = (
				"${PODS_PODFILE_DIR_PATH}/Podfile.lock",
				"${PODS_ROOT}/Manifest.lock",
			);
			name = "[CP] Check Pods Manifest.lock";
			outputFileListPaths = (
			);
			outputPaths = (
				"$(DERIVED_FILE_DIR)/Pods-AirshipSample-checkManifestLockResult.txt",
			);
			runOnlyForDeploymentPostprocessing = 0;
			shellPath = /bin/sh;
			shellScript = "diff \"${PODS_PODFILE_DIR_PATH}/Podfile.lock\" \"${PODS_ROOT}/Manifest.lock\" > /dev/null\nif [ $? != 0 ] ; then\n    # print error to STDERR\n    echo \"error: The sandbox is not in sync with the Podfile.lock. Run 'pod install' or update your CocoaPods installation.\" >&2\n    exit 1\nfi\n# This output is used by Xcode 'outputs' to avoid re-running this script phase.\necho \"SUCCESS\" > \"${SCRIPT_OUTPUT_FILE_0}\"\n";
			showEnvVarsInLog = 0;
		};
		AD165AFAF8EF99080847C228 /* [CP] Embed Pods Frameworks */ = {
			isa = PBXShellScriptBuildPhase;
			buildActionMask = 2147483647;
			files = (
			);
			inputFileListPaths = (
				"${PODS_ROOT}/Target Support Files/Pods-AirshipSample/Pods-AirshipSample-frameworks-${CONFIGURATION}-input-files.xcfilelist",
			);
			name = "[CP] Embed Pods Frameworks";
			outputFileListPaths = (
				"${PODS_ROOT}/Target Support Files/Pods-AirshipSample/Pods-AirshipSample-frameworks-${CONFIGURATION}-output-files.xcfilelist",
			);
			runOnlyForDeploymentPostprocessing = 0;
			shellPath = /bin/sh;
			shellScript = "\"${PODS_ROOT}/Target Support Files/Pods-AirshipSample/Pods-AirshipSample-frameworks.sh\"\n";
			showEnvVarsInLog = 0;
		};
/* End PBXShellScriptBuildPhase section */

/* Begin PBXSourcesBuildPhase section */
		D79A1BEA2449A67B00BBA8B3 /* Sources */ = {
			isa = PBXSourcesBuildPhase;
			buildActionMask = 2147483647;
			files = (
				D79A1BF12449A67B00BBA8B3 /* AppDelegate.swift in Sources */,
				D79A1C072449B27F00BBA8B3 /* TealiumHelper.swift in Sources */,
				D79A1BF32449A67B00BBA8B3 /* SceneDelegate.swift in Sources */,
				D79A1C7B2449E96C00BBA8B3 /* SegmentationView.swift in Sources */,
				D79A1C052449B20400BBA8B3 /* ButtonView.swift in Sources */,
				D75D99DF24814ECC00160978 /* AirshipMessageCenter.swift in Sources */,
				D75D99E424814ECC00160978 /* AirshipTrackableProtocol.swift in Sources */,
				D75D99E024814ECC00160978 /* AirshipSegmentation.swift in Sources */,
				D75D99E624814ECC00160978 /* AirshipRemoteCommand.swift in Sources */,
				D79A1BF52449A67B00BBA8B3 /* ContentView.swift in Sources */,
				D75D99DE24814ECC00160978 /* AirshipConstants.swift in Sources */,
				D75D99E224814ECC00160978 /* AirshipAnalytics.swift in Sources */,
				D75D99E124814ECC00160978 /* AirshipLocationDefaultConformance.swift in Sources */,
				D79A1C772449DA3C00BBA8B3 /* Toggles.swift in Sources */,
				D75D99E724814ECC00160978 /* AirshipLocation.swift in Sources */,
				D79A1C7D2449E97600BBA8B3 /* MessagingView.swift in Sources */,
				D75D99E324814ECC00160978 /* AirshipPushMessaging.swift in Sources */,
				D75D99E524814ECC00160978 /* AirshipTracker.swift in Sources */,
				D79A1C092449B3F800BBA8B3 /* CoreFunctionsView.swift in Sources */,
				D79A1C032449B1CB00BBA8B3 /* TitleView.swift in Sources */,
				D75D99DD24814ECC00160978 /* AirshipInAppMessaging.swift in Sources */,
			);
			runOnlyForDeploymentPostprocessing = 0;
		};
/* End PBXSourcesBuildPhase section */

/* Begin PBXVariantGroup section */
		D79A1BFB2449A67C00BBA8B3 /* LaunchScreen.storyboard */ = {
			isa = PBXVariantGroup;
			children = (
				D79A1BFC2449A67C00BBA8B3 /* Base */,
			);
			name = LaunchScreen.storyboard;
			sourceTree = "<group>";
		};
/* End PBXVariantGroup section */

/* Begin XCBuildConfiguration section */
		D76857162448B07700626507 /* Debug */ = {
			isa = XCBuildConfiguration;
			buildSettings = {
				ALWAYS_SEARCH_USER_PATHS = NO;
				CLANG_ANALYZER_NONNULL = YES;
				CLANG_ANALYZER_NUMBER_OBJECT_CONVERSION = YES_AGGRESSIVE;
				CLANG_CXX_LANGUAGE_STANDARD = "gnu++14";
				CLANG_CXX_LIBRARY = "libc++";
				CLANG_ENABLE_MODULES = YES;
				CLANG_ENABLE_OBJC_ARC = YES;
				CLANG_ENABLE_OBJC_WEAK = YES;
				CLANG_WARN_BLOCK_CAPTURE_AUTORELEASING = YES;
				CLANG_WARN_BOOL_CONVERSION = YES;
				CLANG_WARN_COMMA = YES;
				CLANG_WARN_CONSTANT_CONVERSION = YES;
				CLANG_WARN_DEPRECATED_OBJC_IMPLEMENTATIONS = YES;
				CLANG_WARN_DIRECT_OBJC_ISA_USAGE = YES_ERROR;
				CLANG_WARN_DOCUMENTATION_COMMENTS = YES;
				CLANG_WARN_EMPTY_BODY = YES;
				CLANG_WARN_ENUM_CONVERSION = YES;
				CLANG_WARN_INFINITE_RECURSION = YES;
				CLANG_WARN_INT_CONVERSION = YES;
				CLANG_WARN_NON_LITERAL_NULL_CONVERSION = YES;
				CLANG_WARN_OBJC_IMPLICIT_RETAIN_SELF = YES;
				CLANG_WARN_OBJC_LITERAL_CONVERSION = YES;
				CLANG_WARN_OBJC_ROOT_CLASS = YES_ERROR;
				CLANG_WARN_RANGE_LOOP_ANALYSIS = YES;
				CLANG_WARN_STRICT_PROTOTYPES = YES;
				CLANG_WARN_SUSPICIOUS_MOVE = YES;
				CLANG_WARN_UNGUARDED_AVAILABILITY = YES_AGGRESSIVE;
				CLANG_WARN_UNREACHABLE_CODE = YES;
				CLANG_WARN__DUPLICATE_METHOD_MATCH = YES;
				COPY_PHASE_STRIP = NO;
				DEBUG_INFORMATION_FORMAT = dwarf;
				ENABLE_STRICT_OBJC_MSGSEND = YES;
				ENABLE_TESTABILITY = YES;
				GCC_C_LANGUAGE_STANDARD = gnu11;
				GCC_DYNAMIC_NO_PIC = NO;
				GCC_NO_COMMON_BLOCKS = YES;
				GCC_OPTIMIZATION_LEVEL = 0;
				GCC_PREPROCESSOR_DEFINITIONS = (
					"DEBUG=1",
					"$(inherited)",
				);
				GCC_WARN_64_TO_32_BIT_CONVERSION = YES;
				GCC_WARN_ABOUT_RETURN_TYPE = YES_ERROR;
				GCC_WARN_UNDECLARED_SELECTOR = YES;
				GCC_WARN_UNINITIALIZED_AUTOS = YES_AGGRESSIVE;
				GCC_WARN_UNUSED_FUNCTION = YES;
				GCC_WARN_UNUSED_VARIABLE = YES;
				IPHONEOS_DEPLOYMENT_TARGET = 13.4;
				MTL_ENABLE_DEBUG_INFO = INCLUDE_SOURCE;
				MTL_FAST_MATH = YES;
				ONLY_ACTIVE_ARCH = YES;
				SDKROOT = iphoneos;
				SWIFT_ACTIVE_COMPILATION_CONDITIONS = DEBUG;
				SWIFT_OPTIMIZATION_LEVEL = "-Onone";
			};
			name = Debug;
		};
		D76857172448B07700626507 /* Release */ = {
			isa = XCBuildConfiguration;
			buildSettings = {
				ALWAYS_SEARCH_USER_PATHS = NO;
				CLANG_ANALYZER_NONNULL = YES;
				CLANG_ANALYZER_NUMBER_OBJECT_CONVERSION = YES_AGGRESSIVE;
				CLANG_CXX_LANGUAGE_STANDARD = "gnu++14";
				CLANG_CXX_LIBRARY = "libc++";
				CLANG_ENABLE_MODULES = YES;
				CLANG_ENABLE_OBJC_ARC = YES;
				CLANG_ENABLE_OBJC_WEAK = YES;
				CLANG_WARN_BLOCK_CAPTURE_AUTORELEASING = YES;
				CLANG_WARN_BOOL_CONVERSION = YES;
				CLANG_WARN_COMMA = YES;
				CLANG_WARN_CONSTANT_CONVERSION = YES;
				CLANG_WARN_DEPRECATED_OBJC_IMPLEMENTATIONS = YES;
				CLANG_WARN_DIRECT_OBJC_ISA_USAGE = YES_ERROR;
				CLANG_WARN_DOCUMENTATION_COMMENTS = YES;
				CLANG_WARN_EMPTY_BODY = YES;
				CLANG_WARN_ENUM_CONVERSION = YES;
				CLANG_WARN_INFINITE_RECURSION = YES;
				CLANG_WARN_INT_CONVERSION = YES;
				CLANG_WARN_NON_LITERAL_NULL_CONVERSION = YES;
				CLANG_WARN_OBJC_IMPLICIT_RETAIN_SELF = YES;
				CLANG_WARN_OBJC_LITERAL_CONVERSION = YES;
				CLANG_WARN_OBJC_ROOT_CLASS = YES_ERROR;
				CLANG_WARN_RANGE_LOOP_ANALYSIS = YES;
				CLANG_WARN_STRICT_PROTOTYPES = YES;
				CLANG_WARN_SUSPICIOUS_MOVE = YES;
				CLANG_WARN_UNGUARDED_AVAILABILITY = YES_AGGRESSIVE;
				CLANG_WARN_UNREACHABLE_CODE = YES;
				CLANG_WARN__DUPLICATE_METHOD_MATCH = YES;
				COPY_PHASE_STRIP = NO;
				DEBUG_INFORMATION_FORMAT = "dwarf-with-dsym";
				ENABLE_NS_ASSERTIONS = NO;
				ENABLE_STRICT_OBJC_MSGSEND = YES;
				GCC_C_LANGUAGE_STANDARD = gnu11;
				GCC_NO_COMMON_BLOCKS = YES;
				GCC_WARN_64_TO_32_BIT_CONVERSION = YES;
				GCC_WARN_ABOUT_RETURN_TYPE = YES_ERROR;
				GCC_WARN_UNDECLARED_SELECTOR = YES;
				GCC_WARN_UNINITIALIZED_AUTOS = YES_AGGRESSIVE;
				GCC_WARN_UNUSED_FUNCTION = YES;
				GCC_WARN_UNUSED_VARIABLE = YES;
				IPHONEOS_DEPLOYMENT_TARGET = 13.4;
				MTL_ENABLE_DEBUG_INFO = NO;
				MTL_FAST_MATH = YES;
				SDKROOT = iphoneos;
				SWIFT_COMPILATION_MODE = wholemodule;
				SWIFT_OPTIMIZATION_LEVEL = "-O";
				VALIDATE_PRODUCT = YES;
			};
			name = Release;
		};
		D79A1BFF2449A67C00BBA8B3 /* Debug */ = {
			isa = XCBuildConfiguration;
			baseConfigurationReference = C5D0BA4BCD60D1BE69C01D53 /* Pods-AirshipSample.debug.xcconfig */;
			buildSettings = {
				ASSETCATALOG_COMPILER_APPICON_NAME = AppIcon;
				CLANG_ENABLE_MODULES = YES;
				CODE_SIGN_STYLE = Automatic;
				DEVELOPMENT_ASSET_PATHS = "\"AirshipSample/Preview Content\"";
				DEVELOPMENT_TEAM = XC939GDC9P;
				ENABLE_PREVIEWS = YES;
				FRAMEWORK_SEARCH_PATHS = (
					"$(inherited)",
					"$(PROJECT_DIR)/AirshipSample",
				);
				INFOPLIST_FILE = AirshipSample/Info.plist;
				LD_RUNPATH_SEARCH_PATHS = (
					"$(inherited)",
					"@executable_path/Frameworks",
				);
				PRODUCT_BUNDLE_IDENTIFIER = com.tealium.AirshipSample;
				PRODUCT_NAME = "$(TARGET_NAME)";
				SWIFT_OPTIMIZATION_LEVEL = "-Onone";
				SWIFT_VERSION = 5.0;
				TARGETED_DEVICE_FAMILY = "1,2";
			};
			name = Debug;
		};
		D79A1C002449A67C00BBA8B3 /* Release */ = {
			isa = XCBuildConfiguration;
			baseConfigurationReference = 19EAB4DD96357470088B8591 /* Pods-AirshipSample.release.xcconfig */;
			buildSettings = {
				ASSETCATALOG_COMPILER_APPICON_NAME = AppIcon;
				CLANG_ENABLE_MODULES = YES;
				CODE_SIGN_STYLE = Automatic;
				DEVELOPMENT_ASSET_PATHS = "\"AirshipSample/Preview Content\"";
				DEVELOPMENT_TEAM = XC939GDC9P;
				ENABLE_PREVIEWS = YES;
				FRAMEWORK_SEARCH_PATHS = (
					"$(inherited)",
					"$(PROJECT_DIR)/AirshipSample",
				);
				INFOPLIST_FILE = AirshipSample/Info.plist;
				LD_RUNPATH_SEARCH_PATHS = (
					"$(inherited)",
					"@executable_path/Frameworks",
				);
				PRODUCT_BUNDLE_IDENTIFIER = com.tealium.AirshipSample;
				PRODUCT_NAME = "$(TARGET_NAME)";
				SWIFT_VERSION = 5.0;
				TARGETED_DEVICE_FAMILY = "1,2";
			};
			name = Release;
		};
/* End XCBuildConfiguration section */

/* Begin XCConfigurationList section */
		D76856FF2448B07500626507 /* Build configuration list for PBXProject "TealiumAirshipSample" */ = {
			isa = XCConfigurationList;
			buildConfigurations = (
				D76857162448B07700626507 /* Debug */,
				D76857172448B07700626507 /* Release */,
			);
			defaultConfigurationIsVisible = 0;
			defaultConfigurationName = Release;
		};
		D79A1C012449A67C00BBA8B3 /* Build configuration list for PBXNativeTarget "AirshipSample" */ = {
			isa = XCConfigurationList;
			buildConfigurations = (
				D79A1BFF2449A67C00BBA8B3 /* Debug */,
				D79A1C002449A67C00BBA8B3 /* Release */,
			);
			defaultConfigurationIsVisible = 0;
			defaultConfigurationName = Release;
		};
/* End XCConfigurationList section */
	};
	rootObject = D76856FC2448B07500626507 /* Project object */;
}
