// !$*UTF8*$!
{
	archiveVersion = 1;
	classes = {
	};
	objectVersion = 50;
	objects = {

/* Begin PBXBuildFile section */
		CF7AD4E4258ACA090098A0CA /* airship.json in Resources */ = {isa = PBXBuildFile; fileRef = CF7AD4E3258ACA090098A0CA /* airship.json */; };
		CF7AD4EB258ACCC50098A0CA /* MessageStyle.swift in Sources */ = {isa = PBXBuildFile; fileRef = CF7AD4EA258ACCC50098A0CA /* MessageStyle.swift */; };
		CF7AD4ED258AD2610098A0CA /* Customer.swift in Sources */ = {isa = PBXBuildFile; fileRef = CF7AD4EC258AD2610098A0CA /* Customer.swift */; };
		CF7AD517258AE3F10098A0CA /* Purchase.swift in Sources */ = {isa = PBXBuildFile; fileRef = CF7AD516258AE3F10098A0CA /* Purchase.swift */; };
		CF7AD536258BC1210098A0CA /* Tags.swift in Sources */ = {isa = PBXBuildFile; fileRef = CF7AD535258BC1210098A0CA /* Tags.swift */; };
		D79A1BF12449A67B00BBA8B3 /* AppDelegate.swift in Sources */ = {isa = PBXBuildFile; fileRef = D79A1BF02449A67B00BBA8B3 /* AppDelegate.swift */; };
		D79A1BF32449A67B00BBA8B3 /* SceneDelegate.swift in Sources */ = {isa = PBXBuildFile; fileRef = D79A1BF22449A67B00BBA8B3 /* SceneDelegate.swift */; };
		D79A1BF52449A67B00BBA8B3 /* ContentView.swift in Sources */ = {isa = PBXBuildFile; fileRef = D79A1BF42449A67B00BBA8B3 /* ContentView.swift */; };
		D79A1BF72449A67C00BBA8B3 /* Assets.xcassets in Resources */ = {isa = PBXBuildFile; fileRef = D79A1BF62449A67C00BBA8B3 /* Assets.xcassets */; };
		D79A1BFA2449A67C00BBA8B3 /* Preview Assets.xcassets in Resources */ = {isa = PBXBuildFile; fileRef = D79A1BF92449A67C00BBA8B3 /* Preview Assets.xcassets */; };
		D79A1BFD2449A67C00BBA8B3 /* LaunchScreen.storyboard in Resources */ = {isa = PBXBuildFile; fileRef = D79A1BFB2449A67C00BBA8B3 /* LaunchScreen.storyboard */; };
		D79A1C032449B1CB00BBA8B3 /* TitleView.swift in Sources */ = {isa = PBXBuildFile; fileRef = D79A1C022449B1CB00BBA8B3 /* TitleView.swift */; };
		D79A1C052449B20400BBA8B3 /* ButtonView.swift in Sources */ = {isa = PBXBuildFile; fileRef = D79A1C042449B20400BBA8B3 /* ButtonView.swift */; };
		D79A1C072449B27F00BBA8B3 /* TealiumHelper.swift in Sources */ = {isa = PBXBuildFile; fileRef = D79A1C062449B27F00BBA8B3 /* TealiumHelper.swift */; };
		D79A1C092449B3F800BBA8B3 /* CoreFunctionsView.swift in Sources */ = {isa = PBXBuildFile; fileRef = D79A1C082449B3F800BBA8B3 /* CoreFunctionsView.swift */; };
		D79A1C772449DA3C00BBA8B3 /* Toggles.swift in Sources */ = {isa = PBXBuildFile; fileRef = D79A1C762449DA3C00BBA8B3 /* Toggles.swift */; };
		D79A1C7B2449E96C00BBA8B3 /* SegmentationView.swift in Sources */ = {isa = PBXBuildFile; fileRef = D79A1C7A2449E96C00BBA8B3 /* SegmentationView.swift */; };
		D79A1C7D2449E97600BBA8B3 /* MessagingView.swift in Sources */ = {isa = PBXBuildFile; fileRef = D79A1C7C2449E97600BBA8B3 /* MessagingView.swift */; };
/* End PBXBuildFile section */

/* Begin PBXCopyFilesBuildPhase section */
		D79A1C672449C43900BBA8B3 /* Embed Frameworks */ = {
			isa = PBXCopyFilesBuildPhase;
			buildActionMask = 2147483647;
			dstPath = "";
			dstSubfolderSpec = 10;
			files = (
			);
			name = "Embed Frameworks";
			runOnlyForDeploymentPostprocessing = 0;
		};
/* End PBXCopyFilesBuildPhase section */

/* Begin PBXFileReference section */
		CF7AD4E3258ACA090098A0CA /* airship.json */ = {isa = PBXFileReference; lastKnownFileType = text.json; path = airship.json; sourceTree = "<group>"; };
		CF7AD4EA258ACCC50098A0CA /* MessageStyle.swift */ = {isa = PBXFileReference; lastKnownFileType = sourcecode.swift; path = MessageStyle.swift; sourceTree = "<group>"; };
		CF7AD4EC258AD2610098A0CA /* Customer.swift */ = {isa = PBXFileReference; lastKnownFileType = sourcecode.swift; path = Customer.swift; sourceTree = "<group>"; };
		CF7AD516258AE3F10098A0CA /* Purchase.swift */ = {isa = PBXFileReference; lastKnownFileType = sourcecode.swift; path = Purchase.swift; sourceTree = "<group>"; };
		CF7AD535258BC1210098A0CA /* Tags.swift */ = {isa = PBXFileReference; lastKnownFileType = sourcecode.swift; path = Tags.swift; sourceTree = "<group>"; };
		D79A1BEE2449A67B00BBA8B3 /* AirshipSample.app */ = {isa = PBXFileReference; explicitFileType = wrapper.application; includeInIndex = 0; path = AirshipSample.app; sourceTree = BUILT_PRODUCTS_DIR; };
		D79A1BF02449A67B00BBA8B3 /* AppDelegate.swift */ = {isa = PBXFileReference; lastKnownFileType = sourcecode.swift; path = AppDelegate.swift; sourceTree = "<group>"; };
		D79A1BF22449A67B00BBA8B3 /* SceneDelegate.swift */ = {isa = PBXFileReference; lastKnownFileType = sourcecode.swift; path = SceneDelegate.swift; sourceTree = "<group>"; };
		D79A1BF42449A67B00BBA8B3 /* ContentView.swift */ = {isa = PBXFileReference; lastKnownFileType = sourcecode.swift; path = ContentView.swift; sourceTree = "<group>"; };
		D79A1BF62449A67C00BBA8B3 /* Assets.xcassets */ = {isa = PBXFileReference; lastKnownFileType = folder.assetcatalog; path = Assets.xcassets; sourceTree = "<group>"; };
		D79A1BF92449A67C00BBA8B3 /* Preview Assets.xcassets */ = {isa = PBXFileReference; lastKnownFileType = folder.assetcatalog; path = "Preview Assets.xcassets"; sourceTree = "<group>"; };
		D79A1BFC2449A67C00BBA8B3 /* Base */ = {isa = PBXFileReference; lastKnownFileType = file.storyboard; name = Base; path = Base.lproj/LaunchScreen.storyboard; sourceTree = "<group>"; };
		D79A1BFE2449A67C00BBA8B3 /* Info.plist */ = {isa = PBXFileReference; lastKnownFileType = text.plist.xml; path = Info.plist; sourceTree = "<group>"; };
		D79A1C022449B1CB00BBA8B3 /* TitleView.swift */ = {isa = PBXFileReference; lastKnownFileType = sourcecode.swift; path = TitleView.swift; sourceTree = "<group>"; };
		D79A1C042449B20400BBA8B3 /* ButtonView.swift */ = {isa = PBXFileReference; lastKnownFileType = sourcecode.swift; path = ButtonView.swift; sourceTree = "<group>"; };
		D79A1C062449B27F00BBA8B3 /* TealiumHelper.swift */ = {isa = PBXFileReference; lastKnownFileType = sourcecode.swift; path = TealiumHelper.swift; sourceTree = "<group>"; };
		D79A1C082449B3F800BBA8B3 /* CoreFunctionsView.swift */ = {isa = PBXFileReference; lastKnownFileType = sourcecode.swift; path = CoreFunctionsView.swift; sourceTree = "<group>"; };
		D79A1C762449DA3C00BBA8B3 /* Toggles.swift */ = {isa = PBXFileReference; lastKnownFileType = sourcecode.swift; path = Toggles.swift; sourceTree = "<group>"; };
		D79A1C7A2449E96C00BBA8B3 /* SegmentationView.swift */ = {isa = PBXFileReference; lastKnownFileType = sourcecode.swift; path = SegmentationView.swift; sourceTree = "<group>"; };
		D79A1C7C2449E97600BBA8B3 /* MessagingView.swift */ = {isa = PBXFileReference; lastKnownFileType = sourcecode.swift; path = MessagingView.swift; sourceTree = "<group>"; };
/* End PBXFileReference section */

/* Begin PBXFrameworksBuildPhase section */
		D79A1BEB2449A67B00BBA8B3 /* Frameworks */ = {
			isa = PBXFrameworksBuildPhase;
			buildActionMask = 2147483647;
			files = (
			);
			runOnlyForDeploymentPostprocessing = 0;
		};
/* End PBXFrameworksBuildPhase section */

/* Begin PBXGroup section */
		CF7AD515258AE3E00098A0CA /* Models */ = {
			isa = PBXGroup;
			children = (
				CF7AD4EA258ACCC50098A0CA /* MessageStyle.swift */,
				CF7AD4EC258AD2610098A0CA /* Customer.swift */,
				CF7AD516258AE3F10098A0CA /* Purchase.swift */,
				CF7AD535258BC1210098A0CA /* Tags.swift */,
			);
			path = Models;
			sourceTree = "<group>";
		};
		D76856FB2448B07500626507 = {
			isa = PBXGroup;
			children = (
				D79A1BEF2449A67B00BBA8B3 /* AirshipSample */,
				D76857052448B07500626507 /* Products */,
			);
			sourceTree = "<group>";
		};
		D76857052448B07500626507 /* Products */ = {
			isa = PBXGroup;
			children = (
				D79A1BEE2449A67B00BBA8B3 /* AirshipSample.app */,
			);
			name = Products;
			sourceTree = "<group>";
		};
		D79A1BEF2449A67B00BBA8B3 /* AirshipSample */ = {
			isa = PBXGroup;
			children = (
				D79A1BF02449A67B00BBA8B3 /* AppDelegate.swift */,
				D79A1BF22449A67B00BBA8B3 /* SceneDelegate.swift */,
				D79A1BF42449A67B00BBA8B3 /* ContentView.swift */,
				D79A1C022449B1CB00BBA8B3 /* TitleView.swift */,
				D79A1C042449B20400BBA8B3 /* ButtonView.swift */,
				D79A1C062449B27F00BBA8B3 /* TealiumHelper.swift */,
				D79A1C082449B3F800BBA8B3 /* CoreFunctionsView.swift */,
				D79A1C762449DA3C00BBA8B3 /* Toggles.swift */,
				D79A1C7A2449E96C00BBA8B3 /* SegmentationView.swift */,
				D79A1C7C2449E97600BBA8B3 /* MessagingView.swift */,
				CF7AD515258AE3E00098A0CA /* Models */,
				CF7AD4E3258ACA090098A0CA /* airship.json */,
				D79A1BF62449A67C00BBA8B3 /* Assets.xcassets */,
				D79A1BFE2449A67C00BBA8B3 /* Info.plist */,
				D79A1BFB2449A67C00BBA8B3 /* LaunchScreen.storyboard */,
				D79A1BF82449A67C00BBA8B3 /* Preview Content */,
			);
			path = AirshipSample;
			sourceTree = "<group>";
		};
		D79A1BF82449A67C00BBA8B3 /* Preview Content */ = {
			isa = PBXGroup;
			children = (
				D79A1BF92449A67C00BBA8B3 /* Preview Assets.xcassets */,
			);
			path = "Preview Content";
			sourceTree = "<group>";
		};
/* End PBXGroup section */

/* Begin PBXNativeTarget section */
		D79A1BED2449A67B00BBA8B3 /* AirshipSample */ = {
			isa = PBXNativeTarget;
			buildConfigurationList = D79A1C012449A67C00BBA8B3 /* Build configuration list for PBXNativeTarget "AirshipSample" */;
			buildPhases = (
				D79A1BEA2449A67B00BBA8B3 /* Sources */,
				D79A1BEB2449A67B00BBA8B3 /* Frameworks */,
				D79A1BEC2449A67B00BBA8B3 /* Resources */,
				D79A1C672449C43900BBA8B3 /* Embed Frameworks */,
			);
			buildRules = (
			);
			dependencies = (
				CF7AD54C258C16500098A0CA /* PBXTargetDependency */,
			);
			name = AirshipSample;
			packageProductDependencies = (
			);
			productName = AirshipTabbedExample;
			productReference = D79A1BEE2449A67B00BBA8B3 /* AirshipSample.app */;
			productType = "com.apple.product-type.application";
		};
/* End PBXNativeTarget section */

/* Begin PBXProject section */
		D76856FC2448B07500626507 /* Project object */ = {
			isa = PBXProject;
			attributes = {
				LastSwiftUpdateCheck = 1140;
				LastUpgradeCheck = 1140;
				ORGANIZATIONNAME = Tealium;
				TargetAttributes = {
					D79A1BED2449A67B00BBA8B3 = {
						CreatedOnToolsVersion = 11.4.1;
					};
				};
			};
			buildConfigurationList = D76856FF2448B07500626507 /* Build configuration list for PBXProject "TealiumAirshipSample" */;
			compatibilityVersion = "Xcode 9.3";
			developmentRegion = en;
			hasScannedForEncodings = 0;
			knownRegions = (
				en,
				Base,
			);
			mainGroup = D76856FB2448B07500626507;
			packageReferences = (
			);
			productRefGroup = D76857052448B07500626507 /* Products */;
			projectDirPath = "";
			projectRoot = "";
			targets = (
				D79A1BED2449A67B00BBA8B3 /* AirshipSample */,
			);
		};
/* End PBXProject section */

/* Begin PBXResourcesBuildPhase section */
		D79A1BEC2449A67B00BBA8B3 /* Resources */ = {
			isa = PBXResourcesBuildPhase;
			buildActionMask = 2147483647;
			files = (
				CF7AD4E4258ACA090098A0CA /* airship.json in Resources */,
				D79A1BFD2449A67C00BBA8B3 /* LaunchScreen.storyboard in Resources */,
				D79A1BFA2449A67C00BBA8B3 /* Preview Assets.xcassets in Resources */,
				D79A1BF72449A67C00BBA8B3 /* Assets.xcassets in Resources */,
			);
			runOnlyForDeploymentPostprocessing = 0;
		};
/* End PBXResourcesBuildPhase section */

/* Begin PBXSourcesBuildPhase section */
		D79A1BEA2449A67B00BBA8B3 /* Sources */ = {
			isa = PBXSourcesBuildPhase;
			buildActionMask = 2147483647;
			files = (
				CF7AD4EB258ACCC50098A0CA /* MessageStyle.swift in Sources */,
				D79A1BF12449A67B00BBA8B3 /* AppDelegate.swift in Sources */,
				CF7AD536258BC1210098A0CA /* Tags.swift in Sources */,
				D79A1C072449B27F00BBA8B3 /* TealiumHelper.swift in Sources */,
				CF7AD4ED258AD2610098A0CA /* Customer.swift in Sources */,
				D79A1BF32449A67B00BBA8B3 /* SceneDelegate.swift in Sources */,
				D79A1C7B2449E96C00BBA8B3 /* SegmentationView.swift in Sources */,
				D79A1C052449B20400BBA8B3 /* ButtonView.swift in Sources */,
				D79A1BF52449A67B00BBA8B3 /* ContentView.swift in Sources */,
				D79A1C772449DA3C00BBA8B3 /* Toggles.swift in Sources */,
				D79A1C7D2449E97600BBA8B3 /* MessagingView.swift in Sources */,
				D79A1C092449B3F800BBA8B3 /* CoreFunctionsView.swift in Sources */,
				CF7AD517258AE3F10098A0CA /* Purchase.swift in Sources */,
				D79A1C032449B1CB00BBA8B3 /* TitleView.swift in Sources */,
			);
			runOnlyForDeploymentPostprocessing = 0;
		};
/* End PBXSourcesBuildPhase section */

/* Begin PBXTargetDependency section */
		CF7AD54C258C16500098A0CA /* PBXTargetDependency */ = {
			isa = PBXTargetDependency;
		};
/* End PBXTargetDependency section */

/* Begin PBXVariantGroup section */
		D79A1BFB2449A67C00BBA8B3 /* LaunchScreen.storyboard */ = {
			isa = PBXVariantGroup;
			children = (
				D79A1BFC2449A67C00BBA8B3 /* Base */,
			);
			name = LaunchScreen.storyboard;
			sourceTree = "<group>";
		};
/* End PBXVariantGroup section */

/* Begin XCBuildConfiguration section */
		D76857162448B07700626507 /* Debug */ = {
			isa = XCBuildConfiguration;
			buildSettings = {
				ALWAYS_SEARCH_USER_PATHS = NO;
				CLANG_ANALYZER_NONNULL = YES;
				CLANG_ANALYZER_NUMBER_OBJECT_CONVERSION = YES_AGGRESSIVE;
				CLANG_CXX_LANGUAGE_STANDARD = "gnu++14";
				CLANG_CXX_LIBRARY = "libc++";
				CLANG_ENABLE_MODULES = YES;
				CLANG_ENABLE_OBJC_ARC = YES;
				CLANG_ENABLE_OBJC_WEAK = YES;
				CLANG_WARN_BLOCK_CAPTURE_AUTORELEASING = YES;
				CLANG_WARN_BOOL_CONVERSION = YES;
				CLANG_WARN_COMMA = YES;
				CLANG_WARN_CONSTANT_CONVERSION = YES;
				CLANG_WARN_DEPRECATED_OBJC_IMPLEMENTATIONS = YES;
				CLANG_WARN_DIRECT_OBJC_ISA_USAGE = YES_ERROR;
				CLANG_WARN_DOCUMENTATION_COMMENTS = YES;
				CLANG_WARN_EMPTY_BODY = YES;
				CLANG_WARN_ENUM_CONVERSION = YES;
				CLANG_WARN_INFINITE_RECURSION = YES;
				CLANG_WARN_INT_CONVERSION = YES;
				CLANG_WARN_NON_LITERAL_NULL_CONVERSION = YES;
				CLANG_WARN_OBJC_IMPLICIT_RETAIN_SELF = YES;
				CLANG_WARN_OBJC_LITERAL_CONVERSION = YES;
				CLANG_WARN_OBJC_ROOT_CLASS = YES_ERROR;
				CLANG_WARN_RANGE_LOOP_ANALYSIS = YES;
				CLANG_WARN_STRICT_PROTOTYPES = YES;
				CLANG_WARN_SUSPICIOUS_MOVE = YES;
				CLANG_WARN_UNGUARDED_AVAILABILITY = YES_AGGRESSIVE;
				CLANG_WARN_UNREACHABLE_CODE = YES;
				CLANG_WARN__DUPLICATE_METHOD_MATCH = YES;
				COPY_PHASE_STRIP = NO;
				DEBUG_INFORMATION_FORMAT = dwarf;
				ENABLE_STRICT_OBJC_MSGSEND = YES;
				ENABLE_TESTABILITY = YES;
				GCC_C_LANGUAGE_STANDARD = gnu11;
				GCC_DYNAMIC_NO_PIC = NO;
				GCC_NO_COMMON_BLOCKS = YES;
				GCC_OPTIMIZATION_LEVEL = 0;
				GCC_PREPROCESSOR_DEFINITIONS = (
					"DEBUG=1",
					"$(inherited)",
				);
				GCC_WARN_64_TO_32_BIT_CONVERSION = YES;
				GCC_WARN_ABOUT_RETURN_TYPE = YES_ERROR;
				GCC_WARN_UNDECLARED_SELECTOR = YES;
				GCC_WARN_UNINITIALIZED_AUTOS = YES_AGGRESSIVE;
				GCC_WARN_UNUSED_FUNCTION = YES;
				GCC_WARN_UNUSED_VARIABLE = YES;
				IPHONEOS_DEPLOYMENT_TARGET = 13.4;
				MTL_ENABLE_DEBUG_INFO = INCLUDE_SOURCE;
				MTL_FAST_MATH = YES;
				ONLY_ACTIVE_ARCH = YES;
				SDKROOT = iphoneos;
				SWIFT_ACTIVE_COMPILATION_CONDITIONS = DEBUG;
				SWIFT_OPTIMIZATION_LEVEL = "-Onone";
			};
			name = Debug;
		};
		D76857172448B07700626507 /* Release */ = {
			isa = XCBuildConfiguration;
			buildSettings = {
				ALWAYS_SEARCH_USER_PATHS = NO;
				CLANG_ANALYZER_NONNULL = YES;
				CLANG_ANALYZER_NUMBER_OBJECT_CONVERSION = YES_AGGRESSIVE;
				CLANG_CXX_LANGUAGE_STANDARD = "gnu++14";
				CLANG_CXX_LIBRARY = "libc++";
				CLANG_ENABLE_MODULES = YES;
				CLANG_ENABLE_OBJC_ARC = YES;
				CLANG_ENABLE_OBJC_WEAK = YES;
				CLANG_WARN_BLOCK_CAPTURE_AUTORELEASING = YES;
				CLANG_WARN_BOOL_CONVERSION = YES;
				CLANG_WARN_COMMA = YES;
				CLANG_WARN_CONSTANT_CONVERSION = YES;
				CLANG_WARN_DEPRECATED_OBJC_IMPLEMENTATIONS = YES;
				CLANG_WARN_DIRECT_OBJC_ISA_USAGE = YES_ERROR;
				CLANG_WARN_DOCUMENTATION_COMMENTS = YES;
				CLANG_WARN_EMPTY_BODY = YES;
				CLANG_WARN_ENUM_CONVERSION = YES;
				CLANG_WARN_INFINITE_RECURSION = YES;
				CLANG_WARN_INT_CONVERSION = YES;
				CLANG_WARN_NON_LITERAL_NULL_CONVERSION = YES;
				CLANG_WARN_OBJC_IMPLICIT_RETAIN_SELF = YES;
				CLANG_WARN_OBJC_LITERAL_CONVERSION = YES;
				CLANG_WARN_OBJC_ROOT_CLASS = YES_ERROR;
				CLANG_WARN_RANGE_LOOP_ANALYSIS = YES;
				CLANG_WARN_STRICT_PROTOTYPES = YES;
				CLANG_WARN_SUSPICIOUS_MOVE = YES;
				CLANG_WARN_UNGUARDED_AVAILABILITY = YES_AGGRESSIVE;
				CLANG_WARN_UNREACHABLE_CODE = YES;
				CLANG_WARN__DUPLICATE_METHOD_MATCH = YES;
				COPY_PHASE_STRIP = NO;
				DEBUG_INFORMATION_FORMAT = "dwarf-with-dsym";
				ENABLE_NS_ASSERTIONS = NO;
				ENABLE_STRICT_OBJC_MSGSEND = YES;
				GCC_C_LANGUAGE_STANDARD = gnu11;
				GCC_NO_COMMON_BLOCKS = YES;
				GCC_WARN_64_TO_32_BIT_CONVERSION = YES;
				GCC_WARN_ABOUT_RETURN_TYPE = YES_ERROR;
				GCC_WARN_UNDECLARED_SELECTOR = YES;
				GCC_WARN_UNINITIALIZED_AUTOS = YES_AGGRESSIVE;
				GCC_WARN_UNUSED_FUNCTION = YES;
				GCC_WARN_UNUSED_VARIABLE = YES;
				IPHONEOS_DEPLOYMENT_TARGET = 13.4;
				MTL_ENABLE_DEBUG_INFO = NO;
				MTL_FAST_MATH = YES;
				SDKROOT = iphoneos;
				SWIFT_COMPILATION_MODE = wholemodule;
				SWIFT_OPTIMIZATION_LEVEL = "-O";
				VALIDATE_PRODUCT = YES;
			};
			name = Release;
		};
		D79A1BFF2449A67C00BBA8B3 /* Debug */ = {
			isa = XCBuildConfiguration;
			buildSettings = {
				ASSETCATALOG_COMPILER_APPICON_NAME = AppIcon;
				CODE_SIGN_STYLE = Automatic;
				DEVELOPMENT_ASSET_PATHS = "\"AirshipSample/Preview Content\"";
				DEVELOPMENT_TEAM = XC939GDC9P;
				ENABLE_PREVIEWS = YES;
				FRAMEWORK_SEARCH_PATHS = (
					"$(inherited)",
					"$(PROJECT_DIR)/AirshipSample",
				);
				INFOPLIST_FILE = AirshipSample/Info.plist;
				LD_RUNPATH_SEARCH_PATHS = (
					"$(inherited)",
					"@executable_path/Frameworks",
				);
				PRODUCT_BUNDLE_IDENTIFIER = com.tealium.AirshipSample;
				PRODUCT_NAME = "$(TARGET_NAME)";
				SWIFT_VERSION = 5.0;
				TARGETED_DEVICE_FAMILY = "1,2";
			};
			name = Debug;
		};
		D79A1C002449A67C00BBA8B3 /* Release */ = {
			isa = XCBuildConfiguration;
			buildSettings = {
				ASSETCATALOG_COMPILER_APPICON_NAME = AppIcon;
				CODE_SIGN_STYLE = Automatic;
				DEVELOPMENT_ASSET_PATHS = "\"AirshipSample/Preview Content\"";
				DEVELOPMENT_TEAM = XC939GDC9P;
				ENABLE_PREVIEWS = YES;
				FRAMEWORK_SEARCH_PATHS = (
					"$(inherited)",
					"$(PROJECT_DIR)/AirshipSample",
				);
				INFOPLIST_FILE = AirshipSample/Info.plist;
				LD_RUNPATH_SEARCH_PATHS = (
					"$(inherited)",
					"@executable_path/Frameworks",
				);
				PRODUCT_BUNDLE_IDENTIFIER = com.tealium.AirshipSample;
				PRODUCT_NAME = "$(TARGET_NAME)";
				SWIFT_VERSION = 5.0;
				TARGETED_DEVICE_FAMILY = "1,2";
			};
			name = Release;
		};
/* End XCBuildConfiguration section */

/* Begin XCConfigurationList section */
		D76856FF2448B07500626507 /* Build configuration list for PBXProject "TealiumAirshipSample" */ = {
			isa = XCConfigurationList;
			buildConfigurations = (
				D76857162448B07700626507 /* Debug */,
				D76857172448B07700626507 /* Release */,
			);
			defaultConfigurationIsVisible = 0;
			defaultConfigurationName = Release;
		};
		D79A1C012449A67C00BBA8B3 /* Build configuration list for PBXNativeTarget "AirshipSample" */ = {
			isa = XCConfigurationList;
			buildConfigurations = (
				D79A1BFF2449A67C00BBA8B3 /* Debug */,
				D79A1C002449A67C00BBA8B3 /* Release */,
			);
			defaultConfigurationIsVisible = 0;
			defaultConfigurationName = Release;
		};
/* End XCConfigurationList section */
	};
	rootObject = D76856FC2448B07500626507 /* Project object */;
}
