{"projectHash":"2b7930642599a2f7a8e2e580b84938b8e7d3eaa5","productModuleName":"Mocks","sourceFilePaths":[{"path":"\/Users\/craigrouse\/mobiledev\/remotecommands\/tealium-airship-ios-remote-command\/Mocks\/AppDelegate.swift","hash":"ac0198e803cef65aa58c40058b6c3251deb29b56"},{"path":"\/Users\/craigrouse\/mobiledev\/remotecommands\/tealium-airship-ios-remote-command\/Mocks\/ContentView.swift","hash":"5fc48e76881f6293def1ef00ed1ced1af5d1ef23"},{"path":"\/Users\/craigrouse\/mobiledev\/remotecommands\/tealium-airship-ios-remote-command\/Mocks\/SceneDelegate.swift","hash":"542a1206edc9ab6c07196e8b44aab87024ff211c"}],"outputHash":"c2bbeac3c01c833b1585f6e02ba34073a5facc48","supportingFilePaths":[],"sourceRoot":"\/Users\/craigrouse\/mobiledev\/remotecommands\/tealium-airship-ios-remote-command","targetPathsHash":"ac52f392a881163f410c85c280e304b6950df058","dependencyPathsHash":"da39a3ee5e6b4b0d3255bfef95601890afd80709","dependencies":[],"name":"Mocks","cliVersion":"0.10.0"}