{"projectHash":"ce01e9b8dbe604ac2c4130ff82206fb9e0503872","productModuleName":"TealiumAirship","sourceFilePaths":[{"path":"\/Users\/craigrouse\/mobiledev\/remotecommands\/tealium-airship-ios-remote-command\/Sources\/AirshipAnalytics.swift","hash":"d4862f438bb3a7c01b5b460d8850fcb61c15921a"},{"path":"\/Users\/craigrouse\/mobiledev\/remotecommands\/tealium-airship-ios-remote-command\/Sources\/AirshipInAppMessaging.swift","hash":"899075cb5ae5f80f45b46e93d12751bda3b19580"},{"path":"\/Users\/craigrouse\/mobiledev\/remotecommands\/tealium-airship-ios-remote-command\/Sources\/AirshipLocation.swift","hash":"59cec2dfae79b0589c195713373ab1b7ec0803a7"},{"path":"\/Users\/craigrouse\/mobiledev\/remotecommands\/tealium-airship-ios-remote-command\/Sources\/AirshipMessageCenter.swift","hash":"c7f4ffcf5e624fa84a223e7a5e4e9e7cdd8ec8b2"},{"path":"\/Users\/craigrouse\/mobiledev\/remotecommands\/tealium-airship-ios-remote-command\/Sources\/AirshipPushMessaging.swift","hash":"0492603035bf197dda2913ee3e3e737053635100"},{"path":"\/Users\/craigrouse\/mobiledev\/remotecommands\/tealium-airship-ios-remote-command\/Sources\/AirshipRemoteCommand.swift","hash":"d2302f26080339778778071e17192b5b1545c87e"},{"path":"\/Users\/craigrouse\/mobiledev\/remotecommands\/tealium-airship-ios-remote-command\/Sources\/AirshipSegmentation.swift","hash":"9d006efac5ceb2b2a94c7980d32e2688a99c7c07"},{"path":"\/Users\/craigrouse\/mobiledev\/remotecommands\/tealium-airship-ios-remote-command\/Sources\/AirshipTrackableProtocol.swift","hash":"3067d80d426f92015da7222365671ad7427497a2"},{"path":"\/Users\/craigrouse\/mobiledev\/remotecommands\/tealium-airship-ios-remote-command\/Sources\/AirshipTracker.swift","hash":"4382c9085428779253777efb5c8d3963d30e0f53"}],"outputHash":"bf42b89fc032d4700d290d1f4f64e077a2cb5234","supportingFilePaths":[],"sourceRoot":"\/Users\/craigrouse\/mobiledev\/remotecommands\/tealium-airship-ios-remote-command","targetPathsHash":"dd3eb373407dd245b1df392bfab230dbc006d8d1","dependencyPathsHash":"da39a3ee5e6b4b0d3255bfef95601890afd80709","dependencies":[],"name":"TealiumAirship","cliVersion":"0.10.0"}